{
    "_meta": {
        "hash": {
            "sha256": "6a523f42fde413337e34f6656aaee567cf31e9af58012086c70d2564bde6f83d"
        },
        "pipfile-spec": 6,
        "requires": {
            "python_version": "3.12"
        },
        "sources": [
            {
                "name": "pypi",
                "url": "https://pypi.org/simple",
                "verify_ssl": true
            }
        ]
    },
    "default": {
        "altgraph": {
            "hashes": [
                "sha256:1b5afbb98f6c4dcadb2e2ae6ab9fa994bbb8c1d75f4fa96d340f9437ae454406",
                "sha256:642743b4750de17e655e6711601b077bc6598dbfa3ba5fa2b2a35ce12b508dff"
            ],
            "version": "==0.17.4"
        },
        "blinker": {
            "hashes": [
                "sha256:1779309f71bf239144b9399d06ae925637cf6634cf6bd131104184531bf67c01",
                "sha256:8f77b09d3bf7c795e969e9486f39c2c5e9c39d4ee07424be2bc594ece9642d83"
            ],
            "markers": "python_version >= '3.8'",
            "version": "==1.8.2"
        },
        "bottle": {
            "hashes": [
                "sha256:a48852dc7a051353d3e4de3dd5590cd25de370bcfd94a72237561e314ceb0c88",
                "sha256:d5e068ad0b4ed3422231ad59bd9ea646a141f57a9c90587212d63477ec04fe96"
            ],
            "version": "==0.13.1"
        },
        "cefpython3": {
            "hashes": [
                "sha256:3cf0dc13b4e9aa1c7f028e7f1bfe4e7fca6e677f18574f4ef9346f5d48853f51",
                "sha256:afe1bcde78cbd3790370f4a51cbca37de8bff761de0452f8b8a3b22971bed82a"
            ],
            "index": "pypi",
            "version": "==66.1"
        },
        "cffi": {
            "hashes": [
                "sha256:045d61c734659cc045141be4bae381a41d89b741f795af1dd018bfb532fd0df8",
                "sha256:0984a4925a435b1da406122d4d7968dd861c1385afe3b45ba82b750f229811e2",
                "sha256:0e2b1fac190ae3ebfe37b979cc1ce69c81f4e4fe5746bb401dca63a9062cdaf1",
                "sha256:0f048dcf80db46f0098ccac01132761580d28e28bc0f78ae0d58048063317e15",
                "sha256:1257bdabf294dceb59f5e70c64a3e2f462c30c7ad68092d01bbbfb1c16b1ba36",
                "sha256:1c39c6016c32bc48dd54561950ebd6836e1670f2ae46128f67cf49e789c52824",
                "sha256:1d599671f396c4723d016dbddb72fe8e0397082b0a77a4fab8028923bec050e8",
                "sha256:28b16024becceed8c6dfbc75629e27788d8a3f9030691a1dbf9821a128b22c36",
                "sha256:2bb1a08b8008b281856e5971307cc386a8e9c5b625ac297e853d36da6efe9c17",
                "sha256:30c5e0cb5ae493c04c8b42916e52ca38079f1b235c2f8ae5f4527b963c401caf",
                "sha256:31000ec67d4221a71bd3f67df918b1f88f676f1c3b535a7eb473255fdc0b83fc",
                "sha256:386c8bf53c502fff58903061338ce4f4950cbdcb23e2902d86c0f722b786bbe3",
                "sha256:3edc8d958eb099c634dace3c7e16560ae474aa3803a5df240542b305d14e14ed",
                "sha256:45398b671ac6d70e67da8e4224a065cec6a93541bb7aebe1b198a61b58c7b702",
                "sha256:46bf43160c1a35f7ec506d254e5c890f3c03648a4dbac12d624e4490a7046cd1",
                "sha256:4ceb10419a9adf4460ea14cfd6bc43d08701f0835e979bf821052f1805850fe8",
                "sha256:51392eae71afec0d0c8fb1a53b204dbb3bcabcb3c9b807eedf3e1e6ccf2de903",
                "sha256:5da5719280082ac6bd9aa7becb3938dc9f9cbd57fac7d2871717b1feb0902ab6",
                "sha256:610faea79c43e44c71e1ec53a554553fa22321b65fae24889706c0a84d4ad86d",
                "sha256:636062ea65bd0195bc012fea9321aca499c0504409f413dc88af450b57ffd03b",
                "sha256:6883e737d7d9e4899a8a695e00ec36bd4e5e4f18fabe0aca0efe0a4b44cdb13e",
                "sha256:6b8b4a92e1c65048ff98cfe1f735ef8f1ceb72e3d5f0c25fdb12087a23da22be",
                "sha256:6f17be4345073b0a7b8ea599688f692ac3ef23ce28e5df79c04de519dbc4912c",
                "sha256:706510fe141c86a69c8ddc029c7910003a17353970cff3b904ff0686a5927683",
                "sha256:72e72408cad3d5419375fc87d289076ee319835bdfa2caad331e377589aebba9",
                "sha256:733e99bc2df47476e3848417c5a4540522f234dfd4ef3ab7fafdf555b082ec0c",
                "sha256:7596d6620d3fa590f677e9ee430df2958d2d6d6de2feeae5b20e82c00b76fbf8",
                "sha256:78122be759c3f8a014ce010908ae03364d00a1f81ab5c7f4a7a5120607ea56e1",
                "sha256:805b4371bf7197c329fcb3ead37e710d1bca9da5d583f5073b799d5c5bd1eee4",
                "sha256:85a950a4ac9c359340d5963966e3e0a94a676bd6245a4b55bc43949eee26a655",
                "sha256:8f2cdc858323644ab277e9bb925ad72ae0e67f69e804f4898c070998d50b1a67",
                "sha256:9755e4345d1ec879e3849e62222a18c7174d65a6a92d5b346b1863912168b595",
                "sha256:98e3969bcff97cae1b2def8ba499ea3d6f31ddfdb7635374834cf89a1a08ecf0",
                "sha256:a08d7e755f8ed21095a310a693525137cfe756ce62d066e53f502a83dc550f65",
                "sha256:a1ed2dd2972641495a3ec98445e09766f077aee98a1c896dcb4ad0d303628e41",
                "sha256:a24ed04c8ffd54b0729c07cee15a81d964e6fee0e3d4d342a27b020d22959dc6",
                "sha256:a45e3c6913c5b87b3ff120dcdc03f6131fa0065027d0ed7ee6190736a74cd401",
                "sha256:a9b15d491f3ad5d692e11f6b71f7857e7835eb677955c00cc0aefcd0669adaf6",
                "sha256:ad9413ccdeda48c5afdae7e4fa2192157e991ff761e7ab8fdd8926f40b160cc3",
                "sha256:b2ab587605f4ba0bf81dc0cb08a41bd1c0a5906bd59243d56bad7668a6fc6c16",
                "sha256:b62ce867176a75d03a665bad002af8e6d54644fad99a3c70905c543130e39d93",
                "sha256:c03e868a0b3bc35839ba98e74211ed2b05d2119be4e8a0f224fba9384f1fe02e",
                "sha256:c59d6e989d07460165cc5ad3c61f9fd8f1b4796eacbd81cee78957842b834af4",
                "sha256:c7eac2ef9b63c79431bc4b25f1cd649d7f061a28808cbc6c47b534bd789ef964",
                "sha256:c9c3d058ebabb74db66e431095118094d06abf53284d9c81f27300d0e0d8bc7c",
                "sha256:ca74b8dbe6e8e8263c0ffd60277de77dcee6c837a3d0881d8c1ead7268c9e576",
                "sha256:caaf0640ef5f5517f49bc275eca1406b0ffa6aa184892812030f04c2abf589a0",
                "sha256:cdf5ce3acdfd1661132f2a9c19cac174758dc2352bfe37d98aa7512c6b7178b3",
                "sha256:d016c76bdd850f3c626af19b0542c9677ba156e4ee4fccfdd7848803533ef662",
                "sha256:d01b12eeeb4427d3110de311e1774046ad344f5b1a7403101878976ecd7a10f3",
                "sha256:d63afe322132c194cf832bfec0dc69a99fb9bb6bbd550f161a49e9e855cc78ff",
                "sha256:da95af8214998d77a98cc14e3a3bd00aa191526343078b530ceb0bd710fb48a5",
                "sha256:dd398dbc6773384a17fe0d3e7eeb8d1a21c2200473ee6806bb5e6a8e62bb73dd",
                "sha256:de2ea4b5833625383e464549fec1bc395c1bdeeb5f25c4a3a82b5a8c756ec22f",
                "sha256:de55b766c7aa2e2a3092c51e0483d700341182f08e67c63630d5b6f200bb28e5",
                "sha256:df8b1c11f177bc2313ec4b2d46baec87a5f3e71fc8b45dab2ee7cae86d9aba14",
                "sha256:e03eab0a8677fa80d646b5ddece1cbeaf556c313dcfac435ba11f107ba117b5d",
                "sha256:e221cf152cff04059d011ee126477f0d9588303eb57e88923578ace7baad17f9",
                "sha256:e31ae45bc2e29f6b2abd0de1cc3b9d5205aa847cafaecb8af1476a609a2f6eb7",
                "sha256:edae79245293e15384b51f88b00613ba9f7198016a5948b5dddf4917d4d26382",
                "sha256:f1e22e8c4419538cb197e4dd60acc919d7696e5ef98ee4da4e01d3f8cfa4cc5a",
                "sha256:f3a2b4222ce6b60e2e8b337bb9596923045681d71e5a082783484d845390938e",
                "sha256:f6a16c31041f09ead72d69f583767292f750d24913dadacf5756b966aacb3f1a",
                "sha256:f75c7ab1f9e4aca5414ed4d8e5c0e303a34f4421f8a0d47a4d019ceff0ab6af4",
                "sha256:f79fc4fc25f1c8698ff97788206bb3c2598949bfe0fef03d299eb1b5356ada99",
                "sha256:f7f5baafcc48261359e14bcd6d9bff6d4b28d9103847c9e136694cb0501aef87",
                "sha256:fc48c783f9c87e60831201f2cce7f3b2e4846bf4d8728eabe54d60700b318a0b"
            ],
            "markers": "python_version >= '3.8'",
            "version": "==1.17.1"
        },
        "click": {
            "hashes": [
                "sha256:ae74fb96c20a0277a1d615f1e4d73c8414f5a98db8b799a7931d1582f3390c28",
                "sha256:ca9853ad459e787e2192211578cc907e7594e294c7ccc834310722b41b9ca6de"
            ],
            "markers": "python_version >= '3.7'",
            "version": "==8.1.7"
        },
        "clr-loader": {
            "hashes": [
                "sha256:019348ae6b6a83c7a406d14537c277cecf7a3a53b263ec342c81ded5845a67ee",
                "sha256:79bbfee4bf6ac2f4836d89af2c39e0c32dce5d0c062596185aef380f317507a6"
            ],
            "markers": "python_version >= '3.7'",
            "version": "==0.2.6"
        },
        "colorama": {
            "hashes": [
                "sha256:08695f5cb7ed6e0531a20572697297273c47b8cae5a63ffc6d6ed5c201be6e44",
                "sha256:4f1d9991f5acc0ca119f9d443620b77f9d6b33703e51011c16baf57afb285fc6"
            ],
            "markers": "platform_system == 'Windows'",
            "version": "==0.4.6"
        },
        "cx-freeze": {
            "hashes": [
                "sha256:079ee0837d723a4e4d0530755d46b51594e8e7b9d0ec51e56424b928ac5cd3a1",
                "sha256:0f6158abcbafabbbbd6fbde14d68a8bf927a4e5dd5888b39dff39575eda0dd13",
                "sha256:17898d987a62805f368b0a4b8b70a244346e201cd23b3c6fd7ad1e6df4661834",
                "sha256:1d40dd96e6448bb2dd513222542e720db3eedc9e6a9a44f435f410c3847747ac",
                "sha256:2770977c6a9099e8ed4267093920f27b5c6a0e55b506b6b189cedf3d6b53ab83",
                "sha256:321fa9501c066d8ce0bc46abe4b21bef66c5a97d563e5634e940622d43203532",
                "sha256:35b36fada874364cbe0e6786e76e30adda972919c5730cf01413b39d1b9a62d4",
                "sha256:39851cec70aa8f70960d3aaa9e2d59469b35346931d3b1cac45de14278e81f9b",
                "sha256:3c624b14f8f529757ff249a4e807d714bde02d4ebc8435bb382068196d353c73",
                "sha256:488d420400cd8842874842b4243c501e4ef51c347555f95a2153b399feeea821",
                "sha256:4e032ed22c78f40a08cef661273db372f861513aa29d34ed60500c9d81b30e22",
                "sha256:5447db1eb8747c4bf75893d6c6e738221209dc068e09f65e614fbd45ae4a7359",
                "sha256:5d40688e8cef7d342961235128dfb1c828ede21993d0a56eda1ddb1cd88c3cec",
                "sha256:6592d155d5b542b1eb1e4133bdcecca4292dfb4e05e7058a435b02c0016ea62c",
                "sha256:65ddd924ee59e2c503f4a1165cc3a2bd6249d316b31e1f6313fcda42d7b74054",
                "sha256:68d8645717f7d16a99eb2199cb754a5ebd8c5b4d75025de552e40eec21671524",
                "sha256:69dbe90a27da66374b5220f90dae898c329164c176a74be74a48175ebfa9c13b",
                "sha256:730d5ed75d41b6ef35318ecb8cf345521415ae4108945e8745cf9b446840788e",
                "sha256:741a213f8bc2113bc52e046bd17492f6809c9a2897e37628b1f8b0f09921376a",
                "sha256:753c080b3ada2c05f48da3afb58bb0e882e2b2de76777a71b17da23971ebf396",
                "sha256:8ca799d6d14c319baa295c3b3655cc3ee92bbd0f8591c4bd8eccddde59f965be",
                "sha256:9be240df57aee4f9a625c4d98c0bf67c4b9d2db24e36213a3d95b7a41ab6b1e6",
                "sha256:9d3f527842c1c04789b6c7ee27ab23a3a4fcc5d11e25e2a4fe748c35f3d5ecd1",
                "sha256:a367589684875b72c697709d1228ec75a5c05c656f128aa542c96a2bb6503a5c",
                "sha256:b967757dc781aa8d19b8dba5671fe17a686a7ebddd3778fac11ce886cb03c717",
                "sha256:c3c24a0fa1a221741aa0eac01a79b3f4ff552342d3294f99279d599994248f9d",
                "sha256:c51e77cde95802f4dcbdcd046748e5bf12719eb71150c40f73a2fcf046773dc1",
                "sha256:c72c1182afce9ffa8b897f4bc24310da7b382b38a80812a03e03ae6a58d01cbc",
                "sha256:d414d2020976e19243588283881280d9942404bd742c246badd94c7ca7a4e9eb",
                "sha256:d59ea1b80970b9aed4bddaf8595acbc1661237ca9ad219175fa69085526d2fd5",
                "sha256:d7049c46dc41d25249675a7996b9482fd4047296ef5e2ebc32ec4ca81f3fe0c2",
                "sha256:da55d99cf41023b5a1fde39cf8ab77606e4150762557519906483b563e3ee0ae",
                "sha256:dab3a08c454a7062bbe96d9e3be8ca2717efd11e7033de24ba6e20c64a48b3b4",
                "sha256:db1d4b33904eff7cf646b934ab11dae046a32c62a749be780fd04c315e2f5665",
                "sha256:db7390664fb23446cf6b7f3e3c64c7be41b44d37c538eec68d6adfc7b7129047",
                "sha256:df4f05f60d1bd0a4605cf0ed62f137416638e11975faaa88770cbc10493c8f45",
                "sha256:e331d868cc670d4357028eb9a5c4c1d3594722eed160c981ed00bfb5113eda44",
                "sha256:ef33ae6161c9a1259fcd72268fa6f6be2f0cafea88f7bfa9d36bcb7703ae8f5d",
                "sha256:f4330a9baef6a8d7c0d75edd3cba70239ab318178efd86007b618d3b24a3d1a8",
                "sha256:f8f938ea82ef37a89a7779cd5dfa444a16192816aa4946a8b3aa223f14cc7c62",
                "sha256:fc366e72ad84f1054620f8bd4cdc5de8837b430bf9c5d518263af3b53285dd1f",
                "sha256:fd0b06925e65dd818d91fdb50818de03b4fe36f659229046b9567cd2969d64e4"
            ],
            "index": "pypi",
            "markers": "python_version >= '3.8'",
            "version": "==7.2.1"
        },
        "cx-logging": {
            "hashes": [
                "sha256:00f23737f81d6b88a74b4f33bce5ea114283aab153a0d6c290b0626e5deb7978",
                "sha256:031fe74ca61bf6084d64e835a7801b3c8d8758737fcadae234ba8b09a16d1368",
                "sha256:03b725bbbe455a87c92c125e246a8c0c1f44bb20c7af0048e4c209cfc2a1a180",
                "sha256:08bf89fa288c4aae9ad34534813aea1e275beb052bc40c7e4ef76862954c61b7",
                "sha256:12e7713ffed11d7020b35623470c24af3223175ae38ea93797712e55219648e1",
                "sha256:1f40486414ba63fef003167c6942a08fd699b3197d359ca56441ddf2d82a7e6d",
                "sha256:20ff0e7ee0da525ca8b31bd4af49819aee220307896f98a68d8794a5c1f6fde2",
                "sha256:2496386a36f63233fe77e7e68539910b9429df2f922be1af71309be59dca11f3",
                "sha256:2d29550bec4fdd7ce05b23ae6d3539a33060feb24ff39d5cbb89925d59b018b7",
                "sha256:369dc509e65ceb3244281e89a8db99a7d67bde524d7bc9ab650282d44e153a06",
                "sha256:3a0e153c9ed70ea5f8cea27c34052fd815d93d0858c7867f926274b5ccb04ee5",
                "sha256:4328097f6034be241e02146af8e199382e7f30019272c26768e4cd3e5122d3f9",
                "sha256:705c1baf94ac49ba7bc807deeef18e1613b27ebdfacb15ab5702ec07f5f04446",
                "sha256:77449b6c48902ec24d876643d66a37d841c6aa425f4f0ae7ff64bf53e3565e11",
                "sha256:7d85861c70012c24415e488cff14ec6ba029d097b4d2b4d3effd6a5b1d5ce287",
                "sha256:aafd5c2156751e473b4a8d331d01e70e872b235068da2158a29e377777baac63",
                "sha256:ac2957603ec1b1d3f7274b834ade52fb3004e0d4b9e3414b8593c60de5e3cf39",
                "sha256:bdbad6d2e6a0cc5bef962a34d7aa1232e88ea9f3541d6e2881675b5e7eab5502",
                "sha256:d40c1a4dcd54eff3335f34a2f9af9e29f29b45441fa99f90d6710ffae130a826",
                "sha256:e0cfcd5c88694e062465db50410be53ce5a957ad3d50b90a8f4bd03c98f73c7b",
                "sha256:e7c883b1cfd76a44ded9677333bebb01e50970b52bdc5746cc2f45a661cebb7a"
            ],
            "markers": "sys_platform == 'win32'",
            "version": "==3.2.0"
        },
        "flask": {
            "hashes": [
                "sha256:34e815dfaa43340d1d15a5c3a02b8476004037eb4840b34910c6e21679d288f3",
                "sha256:ceb27b0af3823ea2737928a4d99d125a06175b8512c445cbd9a9ce200ef76842"
            ],
            "index": "pypi",
            "markers": "python_version >= '3.8'",
            "version": "==3.0.3"
        },
        "itsdangerous": {
            "hashes": [
                "sha256:c6242fc49e35958c8b15141343aa660db5fc54d4f13a1db01a3f5891b98700ef",
                "sha256:e0050c0b7da1eea53ffaf149c0cfbb5c6e2e2b69c4bef22c81fa6eb73e5f6173"
            ],
            "markers": "python_version >= '3.8'",
            "version": "==2.2.0"
        },
        "jinja2": {
            "hashes": [
                "sha256:4a3aee7acbbe7303aede8e9648d13b8bf88a429282aa6122a993f0ac800cb369",
                "sha256:bc5dd2abb727a5319567b7a813e6a2e7318c39f4f487cfe6c89c6f9c7d25197d"
            ],
            "markers": "python_version >= '3.7'",
            "version": "==3.1.4"
        },
        "lief": {
            "hashes": [
                "sha256:0616e6048f269d262ff93d67c497ebff3c1d3965ffb9427b0f2b474764fd2e8c",
                "sha256:0750c892fd3b7161a3c2279f25fe1844427610c3a5a4ae23f65674ced6f93ea5",
                "sha256:0d10e5b22e86bbf2d1e3877b604ffd8860c852b6bc00fca681fe1432f5018fe9",
                "sha256:12e53dc0253c303df386ae45487a2f0078026602b36d0e09e838ae1d4dbef958",
                "sha256:13285c3ff5ef6de2421d85684c954905af909db0ad3472e33c475e5f0f657dcf",
                "sha256:1a96f17c2085ef38d12ad81427ae8a5d6ad76f0bc62a1e1f5fe384255cd2cc94",
                "sha256:1e11e046ad71fe8c81e1a8d1d207fe2b99c967d33ce79c3d3915cb8f5ecacf52",
                "sha256:20508c52de0dffcee3242253541609590167a3e56150cbacb506fdbb822206ef",
                "sha256:28bf0922de5fb74502a29cc47930d3a052df58dc23ab6519fa590e564f194a60",
                "sha256:382a189514c0e6ebfb41e0db6106936c7ba94d8400651276add2899ff3570585",
                "sha256:38b9cee48f42c355359ad7e3ff18bf1ec95e518238e4e8fb25657a49169dbf4c",
                "sha256:4dedeab498c312a29b58f16b739895f65fa54b2a21b8d98b111e99ad3f7e30a8",
                "sha256:4e47324736d6aa559421720758de4ce12d04fb56bdffa3dcc051fe8cdd42ed17",
                "sha256:5af7dcb9c3f44baaf60875df6ba9af6777db94776cc577ee86143bcce105ba2f",
                "sha256:674b620cdf1d686f52450fd97c1056d4c92e55af8217ce85a1b2efaf5b32140b",
                "sha256:6a08b2e512a80040429febddc777768c949bcd53f6f580e902e41ec0d9d936b8",
                "sha256:785a3aa14575f046ed9c8d44ea222ea14c697cd03b5331d1717b5b0cf4f72466",
                "sha256:82e6308ad8bd4bc7eadee3502ede13a5bb398725f25513a0396c8dba850f58a1",
                "sha256:84bf310710369544e2bb82f83d7fdab5b5ac422651184fde8bf9e35f14439691",
                "sha256:864f17ecf1736296e6d5fc38b11983f9d19a5e799f094e21e20d58bfb1b95b80",
                "sha256:8ac3cd099be2580d0e15150b1d2f5095c38f150af89993ddf390d7897ee8135f",
                "sha256:8fb58efb77358291109d2675d5459399c0794475b497992d0ecee18a4a46a207",
                "sha256:932f880ee8a130d663a97a9099516d8570b1b303af7816e70a02f9931d5ef4c2",
                "sha256:a079a76bca23aa73c850ab5beb7598871a1bf44662658b952cead2b5ddd31bee",
                "sha256:a80246b96501b2b1d4927ceb3cb817eda9333ffa9e07101358929a6cffca5dae",
                "sha256:a8634ea79d6d9862297fadce025519ab25ff01fcadb333cf42967c6295f0d057",
                "sha256:b9217578f7a45f667503b271da8481207fb4edda8d4a53e869fb922df6030484",
                "sha256:c2ec738bcafee8a569741f4a749f0596823b12f10713306c7d0cbbf85759f51c",
                "sha256:d0f10d80202de9634a16786b53ba3a8f54ae8b9a9e124a964d83212444486087",
                "sha256:d5852a246361bbefa4c1d5930741765a2337638d65cfe30de1b7d61f9a54b865",
                "sha256:d7044553cf07c8a2ab6e21874f07585610d996ff911b9af71dc6085a89f59daa",
                "sha256:d780af1762022b8e01b613253af490afea3864fbd6b5a49c6de7cea8fde0443d",
                "sha256:db38619edf70e27fb3686b8c0f0bec63ad494ac88ab51660c5ecd2720b506e41",
                "sha256:dbdcd70fd23c90017705b7fe6c716f0a69c01d0d0ea7a2ff653d83dc4a61fefb",
                "sha256:dde1c8f8ebe0ee9db4f2302c87ae3cacb9898dc412e0d7da07a8e4e834ac5158",
                "sha256:ddf2ebd73766169594d631b35f84c49ef42871de552ad49f36002c60164d0aca",
                "sha256:de9453f94866e0f2c36b6bd878625880080e7e5800788f5cbc06a76debf283b9",
                "sha256:e9b96a37bf11ca777ff305d85d957eabad2a92a6e577b6e2fb3ab79514e5a12e",
                "sha256:f9757ff0c7c3d6f66e5fdcc6a9df69680fad0dc2707d64a3428f0825dfce1a85",
                "sha256:fcd489ff80860bcc2b2689faa330a46b6d66f0ee3e0f6ef9e643e2b996128a06"
            ],
            "markers": "sys_platform == 'win32'",
            "version": "==0.15.1"
        },
        "markupsafe": {
            "hashes": [
                "sha256:00e046b6dd71aa03a41079792f8473dc494d564611a8f89bbbd7cb93295ebdcf",
                "sha256:075202fa5b72c86ad32dc7d0b56024ebdbcf2048c0ba09f1cde31bfdd57bcfff",
                "sha256:0e397ac966fdf721b2c528cf028494e86172b4feba51d65f81ffd65c63798f3f",
                "sha256:17b950fccb810b3293638215058e432159d2b71005c74371d784862b7e4683f3",
                "sha256:1f3fbcb7ef1f16e48246f704ab79d79da8a46891e2da03f8783a5b6fa41a9532",
                "sha256:2174c595a0d73a3080ca3257b40096db99799265e1c27cc5a610743acd86d62f",
                "sha256:2b7c57a4dfc4f16f7142221afe5ba4e093e09e728ca65c51f5620c9aaeb9a617",
                "sha256:2d2d793e36e230fd32babe143b04cec8a8b3eb8a3122d2aceb4a371e6b09b8df",
                "sha256:30b600cf0a7ac9234b2638fbc0fb6158ba5bdcdf46aeb631ead21248b9affbc4",
                "sha256:397081c1a0bfb5124355710fe79478cdbeb39626492b15d399526ae53422b906",
                "sha256:3a57fdd7ce31c7ff06cdfbf31dafa96cc533c21e443d57f5b1ecc6cdc668ec7f",
                "sha256:3c6b973f22eb18a789b1460b4b91bf04ae3f0c4234a0a6aa6b0a92f6f7b951d4",
                "sha256:3e53af139f8579a6d5f7b76549125f0d94d7e630761a2111bc431fd820e163b8",
                "sha256:4096e9de5c6fdf43fb4f04c26fb114f61ef0bf2e5604b6ee3019d51b69e8c371",
                "sha256:4275d846e41ecefa46e2015117a9f491e57a71ddd59bbead77e904dc02b1bed2",
                "sha256:4c31f53cdae6ecfa91a77820e8b151dba54ab528ba65dfd235c80b086d68a465",
                "sha256:4f11aa001c540f62c6166c7726f71f7573b52c68c31f014c25cc7901deea0b52",
                "sha256:5049256f536511ee3f7e1b3f87d1d1209d327e818e6ae1365e8653d7e3abb6a6",
                "sha256:58c98fee265677f63a4385256a6d7683ab1832f3ddd1e66fe948d5880c21a169",
                "sha256:598e3276b64aff0e7b3451b72e94fa3c238d452e7ddcd893c3ab324717456bad",
                "sha256:5b7b716f97b52c5a14bffdf688f971b2d5ef4029127f1ad7a513973cfd818df2",
                "sha256:5dedb4db619ba5a2787a94d877bc8ffc0566f92a01c0ef214865e54ecc9ee5e0",
                "sha256:619bc166c4f2de5caa5a633b8b7326fbe98e0ccbfacabd87268a2b15ff73a029",
                "sha256:629ddd2ca402ae6dbedfceeba9c46d5f7b2a61d9749597d4307f943ef198fc1f",
                "sha256:656f7526c69fac7f600bd1f400991cc282b417d17539a1b228617081106feb4a",
                "sha256:6ec585f69cec0aa07d945b20805be741395e28ac1627333b1c5b0105962ffced",
                "sha256:72b6be590cc35924b02c78ef34b467da4ba07e4e0f0454a2c5907f473fc50ce5",
                "sha256:7502934a33b54030eaf1194c21c692a534196063db72176b0c4028e140f8f32c",
                "sha256:7a68b554d356a91cce1236aa7682dc01df0edba8d043fd1ce607c49dd3c1edcf",
                "sha256:7b2e5a267c855eea6b4283940daa6e88a285f5f2a67f2220203786dfa59b37e9",
                "sha256:823b65d8706e32ad2df51ed89496147a42a2a6e01c13cfb6ffb8b1e92bc910bb",
                "sha256:8590b4ae07a35970728874632fed7bd57b26b0102df2d2b233b6d9d82f6c62ad",
                "sha256:8dd717634f5a044f860435c1d8c16a270ddf0ef8588d4887037c5028b859b0c3",
                "sha256:8dec4936e9c3100156f8a2dc89c4b88d5c435175ff03413b443469c7c8c5f4d1",
                "sha256:97cafb1f3cbcd3fd2b6fbfb99ae11cdb14deea0736fc2b0952ee177f2b813a46",
                "sha256:a17a92de5231666cfbe003f0e4b9b3a7ae3afb1ec2845aadc2bacc93ff85febc",
                "sha256:a549b9c31bec33820e885335b451286e2969a2d9e24879f83fe904a5ce59d70a",
                "sha256:ac07bad82163452a6884fe8fa0963fb98c2346ba78d779ec06bd7a6262132aee",
                "sha256:ae2ad8ae6ebee9d2d94b17fb62763125f3f374c25618198f40cbb8b525411900",
                "sha256:b91c037585eba9095565a3556f611e3cbfaa42ca1e865f7b8015fe5c7336d5a5",
                "sha256:bc1667f8b83f48511b94671e0e441401371dfd0f0a795c7daa4a3cd1dde55bea",
                "sha256:bec0a414d016ac1a18862a519e54b2fd0fc8bbfd6890376898a6c0891dd82e9f",
                "sha256:bf50cd79a75d181c9181df03572cdce0fbb75cc353bc350712073108cba98de5",
                "sha256:bff1b4290a66b490a2f4719358c0cdcd9bafb6b8f061e45c7a2460866bf50c2e",
                "sha256:c061bb86a71b42465156a3ee7bd58c8c2ceacdbeb95d05a99893e08b8467359a",
                "sha256:c8b29db45f8fe46ad280a7294f5c3ec36dbac9491f2d1c17345be8e69cc5928f",
                "sha256:ce409136744f6521e39fd8e2a24c53fa18ad67aa5bc7c2cf83645cce5b5c4e50",
                "sha256:d050b3361367a06d752db6ead6e7edeb0009be66bc3bae0ee9d97fb326badc2a",
                "sha256:d283d37a890ba4c1ae73ffadf8046435c76e7bc2247bbb63c00bd1a709c6544b",
                "sha256:d9fad5155d72433c921b782e58892377c44bd6252b5af2f67f16b194987338a4",
                "sha256:daa4ee5a243f0f20d528d939d06670a298dd39b1ad5f8a72a4275124a7819eff",
                "sha256:db0b55e0f3cc0be60c1f19efdde9a637c32740486004f20d1cff53c3c0ece4d2",
                "sha256:e61659ba32cf2cf1481e575d0462554625196a1f2fc06a1c777d3f48e8865d46",
                "sha256:ea3d8a3d18833cf4304cd2fc9cbb1efe188ca9b5efef2bdac7adc20594a0e46b",
                "sha256:ec6a563cff360b50eed26f13adc43e61bc0c04d94b8be985e6fb24b81f6dcfdf",
                "sha256:f5dfb42c4604dddc8e4305050aa6deb084540643ed5804d7455b5df8fe16f5e5",
                "sha256:fa173ec60341d6bb97a89f5ea19c85c5643c1e7dedebc22f5181eb73573142c5",
                "sha256:fa9db3f79de01457b03d4f01b34cf91bc0048eb2c3846ff26f66687c2f6d16ab",
                "sha256:fce659a462a1be54d2ffcacea5e3ba2d74daa74f30f5f143fe0c58636e355fdd",
                "sha256:ffee1f21e5ef0d712f9033568f8344d5da8cc2869dbd08d87c84656e6a2d2f68"
            ],
            "markers": "python_version >= '3.7'",
            "version": "==2.1.5"
        },
        "nuitka": {
            "hashes": [
                "sha256:ea04d15dde0d5967719d8181f26d714fe602a6cbd6c76df49ca8be7a45915d50"
            ],
            "index": "pypi",
            "version": "==2.4.8"
        },
        "ordered-set": {
            "hashes": [
                "sha256:046e1132c71fcf3330438a539928932caf51ddbc582496833e23de611de14562",
                "sha256:694a8e44c87657c59292ede72891eb91d34131f6531463aab3009191c77364a8"
            ],
            "markers": "python_version >= '3.7'",
            "version": "==4.1.0"
        },
        "packaging": {
            "hashes": [
                "sha256:026ed72c8ed3fcce5bf8950572258698927fd1dbda10a5e981cdf0ac37f4f002",
                "sha256:5b8f2217dbdbd2f7f384c41c628544e6d52f2d0f53c6d0c3ea61aa5d1d7ff124"
            ],
            "markers": "python_version >= '3.8'",
            "version": "==24.1"
        },
        "pefile": {
            "hashes": [
                "sha256:3ff6c5d8b43e8c37bb6e6dd5085658d658a7a0bdcd20b6a07b1fcfc1c4e9d632",
                "sha256:76f8b485dcd3b1bb8166f1128d395fa3d87af26360c2358fb75b80019b957c6f"
            ],
            "markers": "sys_platform == 'win32'",
            "version": "==2024.8.26"
        },
        "proxy-tools": {
            "hashes": [
                "sha256:ccb3751f529c047e2d8a58440d86b205303cf0fe8146f784d1cbcd94f0a28010"
            ],
            "version": "==0.1.0"
        },
        "pycparser": {
            "hashes": [
                "sha256:491c8be9c040f5390f5bf44a5b07752bd07f56edf992381b05c701439eec10f6",
                "sha256:c3702b6d3dd8c7abc1afa565d7e63d53a1d0bd86cdc24edd75470f4de499cfcc"
            ],
            "markers": "python_version >= '3.8'",
            "version": "==2.22"
        },
        "pyinstaller": {
            "hashes": [
                "sha256:143840f8056ff7b910bf8f16f6cd92cc10a6c2680bb76d0a25d558d543d21270",
                "sha256:28eca3817f176fdc19747e1afcf434f13bb9f17a644f611be2c5a61b1f498ed7",
                "sha256:308e0a8670c9c9ac0cebbf1bbb492e71b6675606f2ec78bc4adfc830d209e087",
                "sha256:3398a98fa17d47ccb31f8779ecbdacec025f7adb2f22757a54b706ac8b4fe906",
                "sha256:46d75359668993ddd98630a3669dc5249f3c446e35239b43bc7f4155bc574748",
                "sha256:6cf876d7d93b8b4f28d1ad57fa24645cf43119c79e985dd5e5f7a801245e6f53",
                "sha256:703e041718987e46ba0568a2c71ecf2459fddef57cf9edf3efeed4a53e3dae3f",
                "sha256:95b55966e563e8b8f31a43882aea10169e9a11fdf38e626d86a2907b640c0701",
                "sha256:b7c90c91921b3749083115b28f30f40abf2bb481ceff196d2b2ce0eaa2b3d429",
                "sha256:d60fb22859e11483af735aec115fdde09467cdbb29edd9844839f2c920b748c0",
                "sha256:db05e3f2f10f9f78c56f1fb163d9cb453433429fe4281218ebaf1ebfd39ba942",
                "sha256:e9989f354ae4ed8a3bec7bdb37ae0d170751d6520e500f049c7cd0632d31d5c3"
            ],
            "index": "pypi",
            "markers": "python_version < '3.14' and python_version >= '3.8'",
            "version": "==6.10.0"
        },
        "pyinstaller-hooks-contrib": {
            "hashes": [
                "sha256:0057fe9a5c398d3f580e73e58793a1d4a8315ca91c3df01efea1c14ed557825a",
                "sha256:29b68d878ab739e967055b56a93eb9b58e529d5b054fbab7a2f2bacf80cef3e2"
            ],
            "markers": "python_version >= '3.8'",
            "version": "==2024.8"
        },
        "pyqt5": {
            "hashes": [
                "sha256:6cd75628f6e732b1ffcfe709ab833a0716c0445d7aec8046a48d5843352becb6",
                "sha256:76be0322ceda5deecd1708a8d628e698089a1cea80d1a49d242a6d579a40babd",
                "sha256:bdde598a3bb95022131a5c9ea62e0a96bd6fb28932cc1619fd7ba211531b7517",
                "sha256:c8b03dd9380bb13c804f0bdb0f4956067f281785b5e12303d529f0462f9afdc2",
                "sha256:cd672a6738d1ae33ef7d9efa8e6cb0a1525ecf53ec86da80a9e1b6ec38c8d0f1",
                "sha256:fda45743ebb4a27b4b1a51c6d8ef455c4c1b5d610c90d2934c7802b5c1557c52"
            ],
            "index": "pypi",
            "markers": "python_version >= '3.8'",
            "version": "==5.15.11"
        },
        "pyqt5-qt5": {
            "hashes": [
                "sha256:1988f364ec8caf87a6ee5d5a3a5210d57539988bf8e84714c7d60972692e2f4a",
                "sha256:750b78e4dba6bdf1607febedc08738e318ea09e9b10aea9ff0d73073f11f6962",
                "sha256:76980cd3d7ae87e3c7a33bfebfaee84448fd650bad6840471d6cae199b56e154",
                "sha256:9cc7a768b1921f4b982ebc00a318ccb38578e44e45316c7a4a850e953e1dd327"
            ],
            "version": "==5.15.2"
        },
        "pyqt5-sip": {
            "hashes": [
                "sha256:0b718a362f4392430903bbb2a4b9bbff9841a16a52f0cfdd5b5bbd9d11457980",
                "sha256:0c1c727ede7fdc464a1fe2e46109ba836509b2d7187a46fdeae443148ce51d1c",
                "sha256:0cd21c3215e3c47fdd5fa7a2dc3dd1e07a7230b0626e905a7217925068c788b9",
                "sha256:13f0c6a78e781255863e3e160304648efaf62276b7102741af637b63a6e96930",
                "sha256:24a1d4937332bf0a38dd95bb2ce4d89723df449f6e912b52ef0e107e11fefac1",
                "sha256:2575f428de584a12009fd29d00c89df16ed101a3b38beba818dfdcbc4a10709c",
                "sha256:749f7a3ffd6e3d2d5db65ed92c95cbd14490631595c61f0c0672c9238bfb17de",
                "sha256:7f88c85702dce80ac2e1a162054f688ed394811d6dd03a5574b3fa8111b0a6db",
                "sha256:83d247cdc43ef224410b14c97413067ea26356dfa39e9ed0fe702a31e25710b0",
                "sha256:852b75cf208825602480e95ab63314108f872d0da251e9ad3deaaff5a183a6f5",
                "sha256:855563d4d3b59ce7438bbf2dd32fed2707787defa40f3efe94f204a19ef92b25",
                "sha256:91b9538458a3a23e033c213bc879ce64f3d0a33d5a49cbd03e1e584efe307a35",
                "sha256:97f2d6e8d9b7b3d3e795d576d7f56e6257f524221f6383b33ded7287763e9f06",
                "sha256:b4adc529fa4ec05728e14ea55194d907cc51f18d6f2ac5cc9f6eb52ac038aa0f",
                "sha256:b58eeedc9b2a3037b136bf96915196c391a33be470ed1c0723d7163ef0b727a2",
                "sha256:c0c543d604116af26694a8a5ba90f510551ff9124d503ae5ee14bb73a61363a3",
                "sha256:c85be433fbafcb3d417581c0e1b67c8198d23858166e4f938e971c2262c13cdb",
                "sha256:d23fdfcf363b5cedd9d39f8a9c5710e7d52804f5b08a58e91c638b36eafcb702",
                "sha256:dd241de9c569c07bbba62bff1049996e5b52478164f61f430073a87bf6d26d33",
                "sha256:ed5221c6241981bd98d39504823efb9cbe36841bf8917288f8fe8fc1d5569a41",
                "sha256:f600ae6f03e4bff91153c0dc7ebe52f90bd2b6afda58fd580e6990b3b951adc0"
            ],
            "markers": "python_version >= '3.8'",
            "version": "==12.15.0"
        },
        "pyqtwebengine": {
            "hashes": [
                "sha256:021814af1ff7d8be447c5314891cd4ddc931deae393dc2d38a816569aa0eb8cd",
                "sha256:965461ca0cf414e03bd510a9a0e2ea36dc21deaa7fc4a631be4a1f2aa0327179",
                "sha256:bd5e8c426d6f6b352cd15800d64a89b2a4a11e098460b818c7bdcf5e5612e44f",
                "sha256:c0680527b1af3e0145ce5e0f2ba2156ff0b4b38844392cf0ddd37ede6a9edeab",
                "sha256:e17187d9a3db3bab041f31385ed72832312557fefc5bd63ae4692df306dc1572",
                "sha256:f121ac6e4a2f96ac289619bcfc37f64e68362f24a346553f5d6c42efa4228a4d"
            ],
            "index": "pypi",
            "markers": "python_version >= '3.8'",
            "version": "==5.15.7"
        },
        "pyqtwebengine-qt5": {
            "hashes": [
                "sha256:24231f19e1595018779977de6722b5c69f3d03f34a5f7574ff21cd1e764ef76d",
                "sha256:9e80b408d8de09d4e708d5d84c3ceaf3603292ff8f5e566ae44bb0320fa59c33",
                "sha256:bc7b1fd1f4f8138d59b0b0245d601fb2c5c0aa1e1e7e853b713e52a3165d147e",
                "sha256:ec2acb1780c0124ef060c310e00ca701f388d8b6c35bba9127f7a6f0dc536f77"
            ],
            "version": "==5.15.2"
        },
        "pythonnet": {
            "hashes": [
                "sha256:62486f860c7955b7dcf470e085e4d2b599512224ca24193f716e857b496c530f",
                "sha256:8d4b2e97158a023875f8647458a58f38817f4fe39af60abdd6b0d8adf1d77e75"
            ],
            "index": "pypi",
            "markers": "python_version < '3.13' and python_version >= '3.7'",
            "version": "==3.0.3"
        },
        "pywebview": {
            "hashes": [
                "sha256:07acceb74bfeed2b5bf19b9535f23ed68330ec6488ae63aea4d35290941cad7f",
                "sha256:634c6e4547ef3f4de2a35cdaed59464b60fb61247f3f6017d6de4ddc1a2dadc2"
            ],
            "index": "pypi",
            "markers": "python_version >= '3.7'",
            "version": "==5.2"
        },
        "pywin32-ctypes": {
            "hashes": [
                "sha256:8a1513379d709975552d202d942d9837758905c8d01eb82b8bcc30918929e7b8",
                "sha256:d162dc04946d704503b2edc4d55f3dba5c1d539ead017afa00142c38b9885755"
            ],
            "markers": "sys_platform == 'win32'",
            "version": "==0.2.3"
        },
        "qtpy": {
            "hashes": [
                "sha256:1c1d8c4fa2c884ae742b069151b0abe15b3f70491f3972698c683b8e38de839b",
                "sha256:a5a15ffd519550a1361bdc56ffc07fda56a6af7292f17c7b395d4083af632987"
            ],
            "index": "pypi",
            "markers": "python_version >= '3.7'",
            "version": "==2.4.1"
        },
        "setuptools": {
            "hashes": [
                "sha256:1cfd66bfcf197bce344da024c8f5b35acc4dcb7ca5202246a75296b4883f6851",
                "sha256:fbb126f14b0b9ffa54c4574a50ae60673bbe8ae0b1645889d10b3b14f5891d28"
            ],
            "markers": "python_version >= '3.8'",
            "version": "==74.1.3"
        },
        "typing-extensions": {
            "hashes": [
                "sha256:04e5ca0351e0f3f85c6853954072df659d0d13fac324d0072316b67d7794700d",
                "sha256:1a7ead55c7e559dd4dee8856e3a88b41225abfe1ce8df57b7c13915fe121ffb8"
            ],
            "markers": "python_version >= '3.8'",
            "version": "==4.12.2"
        },
        "werkzeug": {
            "hashes": [
                "sha256:02c9eb92b7d6c06f31a782811505d2157837cea66aaede3e217c7c27c039476c",
                "sha256:34f2371506b250df4d4f84bfe7b0921e4762525762bbd936614909fe25cd7306"
            ],
            "markers": "python_version >= '3.8'",
            "version": "==3.0.4"
        },
        "zstandard": {
            "hashes": [
                "sha256:034b88913ecc1b097f528e42b539453fa82c3557e414b3de9d5632c80439a473",
                "sha256:0a7f0804bb3799414af278e9ad51be25edf67f78f916e08afdb983e74161b916",
                "sha256:11e3bf3c924853a2d5835b24f03eeba7fc9b07d8ca499e247e06ff5676461a15",
                "sha256:12a289832e520c6bd4dcaad68e944b86da3bad0d339ef7989fb7e88f92e96072",
                "sha256:1516c8c37d3a053b01c1c15b182f3b5f5eef19ced9b930b684a73bad121addf4",
                "sha256:157e89ceb4054029a289fb504c98c6a9fe8010f1680de0201b3eb5dc20aa6d9e",
                "sha256:1bfe8de1da6d104f15a60d4a8a768288f66aa953bbe00d027398b93fb9680b26",
                "sha256:1e172f57cd78c20f13a3415cc8dfe24bf388614324d25539146594c16d78fcc8",
                "sha256:1fd7e0f1cfb70eb2f95a19b472ee7ad6d9a0a992ec0ae53286870c104ca939e5",
                "sha256:203d236f4c94cd8379d1ea61db2fce20730b4c38d7f1c34506a31b34edc87bdd",
                "sha256:27d3ef2252d2e62476389ca8f9b0cf2bbafb082a3b6bfe9d90cbcbb5529ecf7c",
                "sha256:29a2bc7c1b09b0af938b7a8343174b987ae021705acabcbae560166567f5a8db",
                "sha256:2ef230a8fd217a2015bc91b74f6b3b7d6522ba48be29ad4ea0ca3a3775bf7dd5",
                "sha256:2ef3775758346d9ac6214123887d25c7061c92afe1f2b354f9388e9e4d48acfc",
                "sha256:2f146f50723defec2975fb7e388ae3a024eb7151542d1599527ec2aa9cacb152",
                "sha256:2fb4535137de7e244c230e24f9d1ec194f61721c86ebea04e1581d9d06ea1269",
                "sha256:32ba3b5ccde2d581b1e6aa952c836a6291e8435d788f656fe5976445865ae045",
                "sha256:34895a41273ad33347b2fc70e1bff4240556de3c46c6ea430a7ed91f9042aa4e",
                "sha256:379b378ae694ba78cef921581ebd420c938936a153ded602c4fea612b7eaa90d",
                "sha256:38302b78a850ff82656beaddeb0bb989a0322a8bbb1bf1ab10c17506681d772a",
                "sha256:3aa014d55c3af933c1315eb4bb06dd0459661cc0b15cd61077afa6489bec63bb",
                "sha256:4051e406288b8cdbb993798b9a45c59a4896b6ecee2f875424ec10276a895740",
                "sha256:40b33d93c6eddf02d2c19f5773196068d875c41ca25730e8288e9b672897c105",
                "sha256:43da0f0092281bf501f9c5f6f3b4c975a8a0ea82de49ba3f7100e64d422a1274",
                "sha256:445e4cb5048b04e90ce96a79b4b63140e3f4ab5f662321975679b5f6360b90e2",
                "sha256:48ef6a43b1846f6025dde6ed9fee0c24e1149c1c25f7fb0a0585572b2f3adc58",
                "sha256:50a80baba0285386f97ea36239855f6020ce452456605f262b2d33ac35c7770b",
                "sha256:519fbf169dfac1222a76ba8861ef4ac7f0530c35dd79ba5727014613f91613d4",
                "sha256:53dd9d5e3d29f95acd5de6802e909ada8d8d8cfa37a3ac64836f3bc4bc5512db",
                "sha256:53ea7cdc96c6eb56e76bb06894bcfb5dfa93b7adcf59d61c6b92674e24e2dd5e",
                "sha256:576856e8594e6649aee06ddbfc738fec6a834f7c85bf7cadd1c53d4a58186ef9",
                "sha256:59556bf80a7094d0cfb9f5e50bb2db27fefb75d5138bb16fb052b61b0e0eeeb0",
                "sha256:5d41d5e025f1e0bccae4928981e71b2334c60f580bdc8345f824e7c0a4c2a813",
                "sha256:61062387ad820c654b6a6b5f0b94484fa19515e0c5116faf29f41a6bc91ded6e",
                "sha256:61f89436cbfede4bc4e91b4397eaa3e2108ebe96d05e93d6ccc95ab5714be512",
                "sha256:62136da96a973bd2557f06ddd4e8e807f9e13cbb0bfb9cc06cfe6d98ea90dfe0",
                "sha256:64585e1dba664dc67c7cdabd56c1e5685233fbb1fc1966cfba2a340ec0dfff7b",
                "sha256:65308f4b4890aa12d9b6ad9f2844b7ee42c7f7a4fd3390425b242ffc57498f48",
                "sha256:66b689c107857eceabf2cf3d3fc699c3c0fe8ccd18df2219d978c0283e4c508a",
                "sha256:6a41c120c3dbc0d81a8e8adc73312d668cd34acd7725f036992b1b72d22c1772",
                "sha256:6f77fa49079891a4aab203d0b1744acc85577ed16d767b52fc089d83faf8d8ed",
                "sha256:72c68dda124a1a138340fb62fa21b9bf4848437d9ca60bd35db36f2d3345f373",
                "sha256:752bf8a74412b9892f4e5b58f2f890a039f57037f52c89a740757ebd807f33ea",
                "sha256:76e79bc28a65f467e0409098fa2c4376931fd3207fbeb6b956c7c476d53746dd",
                "sha256:774d45b1fac1461f48698a9d4b5fa19a69d47ece02fa469825b442263f04021f",
                "sha256:77da4c6bfa20dd5ea25cbf12c76f181a8e8cd7ea231c673828d0386b1740b8dc",
                "sha256:77ea385f7dd5b5676d7fd943292ffa18fbf5c72ba98f7d09fc1fb9e819b34c23",
                "sha256:80080816b4f52a9d886e67f1f96912891074903238fe54f2de8b786f86baded2",
                "sha256:80a539906390591dd39ebb8d773771dc4db82ace6372c4d41e2d293f8e32b8db",
                "sha256:82d17e94d735c99621bf8ebf9995f870a6b3e6d14543b99e201ae046dfe7de70",
                "sha256:837bb6764be6919963ef41235fd56a6486b132ea64afe5fafb4cb279ac44f259",
                "sha256:84433dddea68571a6d6bd4fbf8ff398236031149116a7fff6f777ff95cad3df9",
                "sha256:8c24f21fa2af4bb9f2c492a86fe0c34e6d2c63812a839590edaf177b7398f700",
                "sha256:8ed7d27cb56b3e058d3cf684d7200703bcae623e1dcc06ed1e18ecda39fee003",
                "sha256:9206649ec587e6b02bd124fb7799b86cddec350f6f6c14bc82a2b70183e708ba",
                "sha256:983b6efd649723474f29ed42e1467f90a35a74793437d0bc64a5bf482bedfa0a",
                "sha256:98da17ce9cbf3bfe4617e836d561e433f871129e3a7ac16d6ef4c680f13a839c",
                "sha256:9c236e635582742fee16603042553d276cca506e824fa2e6489db04039521e90",
                "sha256:9da6bc32faac9a293ddfdcb9108d4b20416219461e4ec64dfea8383cac186690",
                "sha256:a05e6d6218461eb1b4771d973728f0133b2a4613a6779995df557f70794fd60f",
                "sha256:a0817825b900fcd43ac5d05b8b3079937073d2b1ff9cf89427590718b70dd840",
                "sha256:a4ae99c57668ca1e78597d8b06d5af837f377f340f4cce993b551b2d7731778d",
                "sha256:a8c86881813a78a6f4508ef9daf9d4995b8ac2d147dcb1a450448941398091c9",
                "sha256:a8fffdbd9d1408006baaf02f1068d7dd1f016c6bcb7538682622c556e7b68e35",
                "sha256:a9b07268d0c3ca5c170a385a0ab9fb7fdd9f5fd866be004c4ea39e44edce47dd",
                "sha256:ab19a2d91963ed9e42b4e8d77cd847ae8381576585bad79dbd0a8837a9f6620a",
                "sha256:ac184f87ff521f4840e6ea0b10c0ec90c6b1dcd0bad2f1e4a9a1b4fa177982ea",
                "sha256:b0e166f698c5a3e914947388c162be2583e0c638a4703fc6a543e23a88dea3c1",
                "sha256:b2170c7e0367dde86a2647ed5b6f57394ea7f53545746104c6b09fc1f4223573",
                "sha256:b2d8c62d08e7255f68f7a740bae85b3c9b8e5466baa9cbf7f57f1cde0ac6bc09",
                "sha256:b4567955a6bc1b20e9c31612e615af6b53733491aeaa19a6b3b37f3b65477094",
                "sha256:b69bb4f51daf461b15e7b3db033160937d3ff88303a7bc808c67bbc1eaf98c78",
                "sha256:b8c0bd73aeac689beacd4e7667d48c299f61b959475cdbb91e7d3d88d27c56b9",
                "sha256:be9b5b8659dff1f913039c2feee1aca499cfbc19e98fa12bc85e037c17ec6ca5",
                "sha256:bf0a05b6059c0528477fba9054d09179beb63744355cab9f38059548fedd46a9",
                "sha256:c16842b846a8d2a145223f520b7e18b57c8f476924bda92aeee3a88d11cfc391",
                "sha256:c363b53e257246a954ebc7c488304b5592b9c53fbe74d03bc1c64dda153fb847",
                "sha256:c7c517d74bea1a6afd39aa612fa025e6b8011982a0897768a2f7c8ab4ebb78a2",
                "sha256:d20fd853fbb5807c8e84c136c278827b6167ded66c72ec6f9a14b863d809211c",
                "sha256:d2240ddc86b74966c34554c49d00eaafa8200a18d3a5b6ffbf7da63b11d74ee2",
                "sha256:d477ed829077cd945b01fc3115edd132c47e6540ddcd96ca169facff28173057",
                "sha256:d50d31bfedd53a928fed6707b15a8dbeef011bb6366297cc435accc888b27c20",
                "sha256:dc1d33abb8a0d754ea4763bad944fd965d3d95b5baef6b121c0c9013eaf1907d",
                "sha256:dc5d1a49d3f8262be192589a4b72f0d03b72dcf46c51ad5852a4fdc67be7b9e4",
                "sha256:e2d1a054f8f0a191004675755448d12be47fa9bebbcffa3cdf01db19f2d30a54",
                "sha256:e7792606d606c8df5277c32ccb58f29b9b8603bf83b48639b7aedf6df4fe8171",
                "sha256:ed1708dbf4d2e3a1c5c69110ba2b4eb6678262028afd6c6fbcc5a8dac9cda68e",
                "sha256:f2d4380bf5f62daabd7b751ea2339c1a21d1c9463f1feb7fc2bdcea2c29c3160",
                "sha256:f3513916e8c645d0610815c257cbfd3242adfd5c4cfa78be514e5a3ebb42a41b",
                "sha256:f8346bfa098532bc1fb6c7ef06783e969d87a99dd1d2a5a18a892c1d7a643c58",
                "sha256:f83fa6cae3fff8e98691248c9320356971b59678a17f20656a9e59cd32cee6d8",
                "sha256:fa6ce8b52c5987b3e34d5674b0ab529a4602b632ebab0a93b07bfb4dfc8f8a33",
                "sha256:fb2b1ecfef1e67897d336de3a0e3f52478182d6a47eda86cbd42504c5cbd009a",
                "sha256:fc9ca1c9718cb3b06634c7c8dec57d24e9438b2aa9a0f02b8bb36bf478538880",
                "sha256:fd30d9c67d13d891f2360b2a120186729c111238ac63b43dbd37a5a40670b8ca",
                "sha256:fd7699e8fd9969f455ef2926221e0233f81a2542921471382e77a9e2f2b57f4b",
                "sha256:fe3b385d996ee0822fd46528d9f0443b880d4d05528fd26a9119a54ec3f91c69"
            ],
            "markers": "python_version >= '3.8'",
            "version": "==0.23.0"
        }
    },
    "develop": {}
}
