{
    "_meta": {
        "hash": {
            "sha256": "8ef23c525880bc27f8d6afaaab55203f2fca217fb07e399aed84f4580355e619"
        },
        "pipfile-spec": 6,
        "requires": {
            "python_version": "3.12"
        },
        "sources": [
            {
                "name": "pypi",
                "url": "https://pypi.org/simple",
                "verify_ssl": true
            }
        ]
    },
    "default": {
        "altgraph": {
            "hashes": [
                "sha256:1b5afbb98f6c4dcadb2e2ae6ab9fa994bbb8c1d75f4fa96d340f9437ae454406",
                "sha256:642743b4750de17e655e6711601b077bc6598dbfa3ba5fa2b2a35ce12b508dff"
            ],
            "version": "==0.17.4"
        },
        "blinker": {
            "hashes": [
                "sha256:b4ce2265a7abece45e7cc896e98dbebe6cead56bcf805a3d23136d145f5445bf",
                "sha256:ba0efaa9080b619ff2f3459d1d500c57bddea4a6b424b60a91141db6fd2f08bc"
            ],
            "markers": "python_version >= '3.9'",
            "version": "==1.9.0"
        },
        "bottle": {
            "hashes": [
                "sha256:27569ab8d1332fbba3e400b3baab2227ab4efb4882ff147af05a7c00ed73409c",
                "sha256:e53803b9d298c7d343d00ba7d27b0059415f04b9f6f40b8d58b5bf914ba9d348"
            ],
            "version": "==0.13.2"
        },
        "cefpython3": {
            "hashes": [
                "sha256:3cf0dc13b4e9aa1c7f028e7f1bfe4e7fca6e677f18574f4ef9346f5d48853f51",
                "sha256:afe1bcde78cbd3790370f4a51cbca37de8bff761de0452f8b8a3b22971bed82a"
            ],
            "index": "pypi",
            "version": "==66.1"
        },
        "cffi": {
            "hashes": [
                "sha256:045d61c734659cc045141be4bae381a41d89b741f795af1dd018bfb532fd0df8",
                "sha256:0984a4925a435b1da406122d4d7968dd861c1385afe3b45ba82b750f229811e2",
                "sha256:0e2b1fac190ae3ebfe37b979cc1ce69c81f4e4fe5746bb401dca63a9062cdaf1",
                "sha256:0f048dcf80db46f0098ccac01132761580d28e28bc0f78ae0d58048063317e15",
                "sha256:1257bdabf294dceb59f5e70c64a3e2f462c30c7ad68092d01bbbfb1c16b1ba36",
                "sha256:1c39c6016c32bc48dd54561950ebd6836e1670f2ae46128f67cf49e789c52824",
                "sha256:1d599671f396c4723d016dbddb72fe8e0397082b0a77a4fab8028923bec050e8",
                "sha256:28b16024becceed8c6dfbc75629e27788d8a3f9030691a1dbf9821a128b22c36",
                "sha256:2bb1a08b8008b281856e5971307cc386a8e9c5b625ac297e853d36da6efe9c17",
                "sha256:30c5e0cb5ae493c04c8b42916e52ca38079f1b235c2f8ae5f4527b963c401caf",
                "sha256:31000ec67d4221a71bd3f67df918b1f88f676f1c3b535a7eb473255fdc0b83fc",
                "sha256:386c8bf53c502fff58903061338ce4f4950cbdcb23e2902d86c0f722b786bbe3",
                "sha256:3edc8d958eb099c634dace3c7e16560ae474aa3803a5df240542b305d14e14ed",
                "sha256:45398b671ac6d70e67da8e4224a065cec6a93541bb7aebe1b198a61b58c7b702",
                "sha256:46bf43160c1a35f7ec506d254e5c890f3c03648a4dbac12d624e4490a7046cd1",
                "sha256:4ceb10419a9adf4460ea14cfd6bc43d08701f0835e979bf821052f1805850fe8",
                "sha256:51392eae71afec0d0c8fb1a53b204dbb3bcabcb3c9b807eedf3e1e6ccf2de903",
                "sha256:5da5719280082ac6bd9aa7becb3938dc9f9cbd57fac7d2871717b1feb0902ab6",
                "sha256:610faea79c43e44c71e1ec53a554553fa22321b65fae24889706c0a84d4ad86d",
                "sha256:636062ea65bd0195bc012fea9321aca499c0504409f413dc88af450b57ffd03b",
                "sha256:6883e737d7d9e4899a8a695e00ec36bd4e5e4f18fabe0aca0efe0a4b44cdb13e",
                "sha256:6b8b4a92e1c65048ff98cfe1f735ef8f1ceb72e3d5f0c25fdb12087a23da22be",
                "sha256:6f17be4345073b0a7b8ea599688f692ac3ef23ce28e5df79c04de519dbc4912c",
                "sha256:706510fe141c86a69c8ddc029c7910003a17353970cff3b904ff0686a5927683",
                "sha256:72e72408cad3d5419375fc87d289076ee319835bdfa2caad331e377589aebba9",
                "sha256:733e99bc2df47476e3848417c5a4540522f234dfd4ef3ab7fafdf555b082ec0c",
                "sha256:7596d6620d3fa590f677e9ee430df2958d2d6d6de2feeae5b20e82c00b76fbf8",
                "sha256:78122be759c3f8a014ce010908ae03364d00a1f81ab5c7f4a7a5120607ea56e1",
                "sha256:805b4371bf7197c329fcb3ead37e710d1bca9da5d583f5073b799d5c5bd1eee4",
                "sha256:85a950a4ac9c359340d5963966e3e0a94a676bd6245a4b55bc43949eee26a655",
                "sha256:8f2cdc858323644ab277e9bb925ad72ae0e67f69e804f4898c070998d50b1a67",
                "sha256:9755e4345d1ec879e3849e62222a18c7174d65a6a92d5b346b1863912168b595",
                "sha256:98e3969bcff97cae1b2def8ba499ea3d6f31ddfdb7635374834cf89a1a08ecf0",
                "sha256:a08d7e755f8ed21095a310a693525137cfe756ce62d066e53f502a83dc550f65",
                "sha256:a1ed2dd2972641495a3ec98445e09766f077aee98a1c896dcb4ad0d303628e41",
                "sha256:a24ed04c8ffd54b0729c07cee15a81d964e6fee0e3d4d342a27b020d22959dc6",
                "sha256:a45e3c6913c5b87b3ff120dcdc03f6131fa0065027d0ed7ee6190736a74cd401",
                "sha256:a9b15d491f3ad5d692e11f6b71f7857e7835eb677955c00cc0aefcd0669adaf6",
                "sha256:ad9413ccdeda48c5afdae7e4fa2192157e991ff761e7ab8fdd8926f40b160cc3",
                "sha256:b2ab587605f4ba0bf81dc0cb08a41bd1c0a5906bd59243d56bad7668a6fc6c16",
                "sha256:b62ce867176a75d03a665bad002af8e6d54644fad99a3c70905c543130e39d93",
                "sha256:c03e868a0b3bc35839ba98e74211ed2b05d2119be4e8a0f224fba9384f1fe02e",
                "sha256:c59d6e989d07460165cc5ad3c61f9fd8f1b4796eacbd81cee78957842b834af4",
                "sha256:c7eac2ef9b63c79431bc4b25f1cd649d7f061a28808cbc6c47b534bd789ef964",
                "sha256:c9c3d058ebabb74db66e431095118094d06abf53284d9c81f27300d0e0d8bc7c",
                "sha256:ca74b8dbe6e8e8263c0ffd60277de77dcee6c837a3d0881d8c1ead7268c9e576",
                "sha256:caaf0640ef5f5517f49bc275eca1406b0ffa6aa184892812030f04c2abf589a0",
                "sha256:cdf5ce3acdfd1661132f2a9c19cac174758dc2352bfe37d98aa7512c6b7178b3",
                "sha256:d016c76bdd850f3c626af19b0542c9677ba156e4ee4fccfdd7848803533ef662",
                "sha256:d01b12eeeb4427d3110de311e1774046ad344f5b1a7403101878976ecd7a10f3",
                "sha256:d63afe322132c194cf832bfec0dc69a99fb9bb6bbd550f161a49e9e855cc78ff",
                "sha256:da95af8214998d77a98cc14e3a3bd00aa191526343078b530ceb0bd710fb48a5",
                "sha256:dd398dbc6773384a17fe0d3e7eeb8d1a21c2200473ee6806bb5e6a8e62bb73dd",
                "sha256:de2ea4b5833625383e464549fec1bc395c1bdeeb5f25c4a3a82b5a8c756ec22f",
                "sha256:de55b766c7aa2e2a3092c51e0483d700341182f08e67c63630d5b6f200bb28e5",
                "sha256:df8b1c11f177bc2313ec4b2d46baec87a5f3e71fc8b45dab2ee7cae86d9aba14",
                "sha256:e03eab0a8677fa80d646b5ddece1cbeaf556c313dcfac435ba11f107ba117b5d",
                "sha256:e221cf152cff04059d011ee126477f0d9588303eb57e88923578ace7baad17f9",
                "sha256:e31ae45bc2e29f6b2abd0de1cc3b9d5205aa847cafaecb8af1476a609a2f6eb7",
                "sha256:edae79245293e15384b51f88b00613ba9f7198016a5948b5dddf4917d4d26382",
                "sha256:f1e22e8c4419538cb197e4dd60acc919d7696e5ef98ee4da4e01d3f8cfa4cc5a",
                "sha256:f3a2b4222ce6b60e2e8b337bb9596923045681d71e5a082783484d845390938e",
                "sha256:f6a16c31041f09ead72d69f583767292f750d24913dadacf5756b966aacb3f1a",
                "sha256:f75c7ab1f9e4aca5414ed4d8e5c0e303a34f4421f8a0d47a4d019ceff0ab6af4",
                "sha256:f79fc4fc25f1c8698ff97788206bb3c2598949bfe0fef03d299eb1b5356ada99",
                "sha256:f7f5baafcc48261359e14bcd6d9bff6d4b28d9103847c9e136694cb0501aef87",
                "sha256:fc48c783f9c87e60831201f2cce7f3b2e4846bf4d8728eabe54d60700b318a0b"
            ],
            "markers": "python_version >= '3.8'",
            "version": "==1.17.1"
        },
        "click": {
            "hashes": [
                "sha256:63c132bbbed01578a06712a2d1f497bb62d9c1c0d329b7903a866228027263b2",
                "sha256:ed53c9d8990d83c2a27deae68e4ee337473f6330c040a31d4225c9574d16096a"
            ],
            "markers": "python_version >= '3.7'",
            "version": "==8.1.8"
        },
        "clr-loader": {
            "hashes": [
                "sha256:b7a8b3f8fbb1bcbbb6382d887e21d1742d4f10b5ea209e4ad95568fe97e1c7c6",
                "sha256:e0b9fcc107d48347a4311a28ffe3ae78c4968edb216ffb6564cb03f7ace0bb47"
            ],
            "markers": "python_version >= '3.7'",
            "version": "==0.2.7.post0"
        },
        "colorama": {
            "hashes": [
                "sha256:08695f5cb7ed6e0531a20572697297273c47b8cae5a63ffc6d6ed5c201be6e44",
                "sha256:4f1d9991f5acc0ca119f9d443620b77f9d6b33703e51011c16baf57afb285fc6"
            ],
            "markers": "platform_system == 'Windows'",
            "version": "==0.4.6"
        },
        "cx-freeze": {
            "hashes": [
                "sha256:0f46c24a0a2d093a2319e4fe2b5a82cafd08de426ac621b54cacae398f1df1f6",
                "sha256:105dfc3b15c4f8ff78607c892b73e5a48a29ccd87836284d34611031ca74f6d9",
                "sha256:15b7dafc5eb2b5f6c118eaeed25b0fb0f3a9022e779958e5f9cd1ebf9f77c737",
                "sha256:16a6eb37db7d158d0eb4bba8b93a135b6c85ea4bf2c4176c437bc34f01067e61",
                "sha256:1f04d4ee6f5efa5223313337ee0cfbf16e385dcd8b2797ab6192ab224b781031",
                "sha256:27a6e99c0ab5efb8303ba1f6f89df141c0b23f81cb18309981bd0bd6d03e75e1",
                "sha256:2bc61c1c2d874f883bb7aae724abe84e3a36d97b679fd02d2bf33313afbbc975",
                "sha256:416460e7f3312b1e2010ce5cb35e0449ff5a6e75b3536adddf83fd9b10d13a88",
                "sha256:4309655f33bc9893f58f27618be76f46d66cc31997040ae1a3ec718159983ad5",
                "sha256:475ba16c7f43e0c0ee62ff4ba49bfcd67faec639683c64f6d2534e0f68de47f4",
                "sha256:4a908dcad86888b741aa2051a65693d8662999a8abf9b7cf3285ef4ccfddad43",
                "sha256:4e121908ce11a85aed94fed58af93d0598c31844a66a164c8c62ed720eee34cf",
                "sha256:572d0e98e75fcd3f6947dafc86b2035fe80d604662467bf8634e5c67a00e6e8f",
                "sha256:5935a74def174c70c2c84036ede420ed519f2749c87aa692ac21676c2560b72e",
                "sha256:71480bda16143c2b6177a491bbf3b9fa7e540bcf7c7afeb9bac828aa2ba6b5a4",
                "sha256:79dd0c1dc4d8d7369ea0288deccffcfed27a5ff3d11448fff5aa217b4ce83db2",
                "sha256:7eb32b0c0727d108ce30fc710e9bdbdec6fb408361fcc0cd04a65baf679c1584",
                "sha256:8017e6798edca460469b6048db231a7cbb8d7bbd4aa2bf17464037a0aa202e00",
                "sha256:84d531b5d669419b5ef95c68cb53d368a813010a82ba79fe487cf33b3972529b",
                "sha256:851a0d919a732d17e1db145c72d69b5560ab1578387e18915a9e9f0be1bc50fd",
                "sha256:85a337dfb8b2e29213beef36592ac2ad3789911c9aa68e26e0b500914f31ef7d",
                "sha256:86350e2a74edbfe89fda14724012eeec85329e5cc3b0cd91df7a47954742b009",
                "sha256:916f0512c42b00c63f1365f7321df8ad76724065f87b858c7b5839adbc472a0f",
                "sha256:9ff17dd57a972a49d03b95b42476b5909dfda7e94c5fa67ff2def1fae0619881",
                "sha256:a7e4cd5406e6124700f4bc533964477e00e0c44bfcfbf4c06c6a7f7aca5b25b1",
                "sha256:a7f5d65830cb3b0d24590e4526995baf01beeb2517c41838d597c5a2e4ca76d7",
                "sha256:ae9cdf73f4200bb4b9197e12d2a97f466f058f040fbd8924fd4ee6fbaf53d0a8",
                "sha256:c0af82ba512323a1036a42c2e863ea56e12764c8c9f0764303df1fa3e29b9d4a",
                "sha256:c2edd45e1ecb244ff686720c4e3501d8c28e049f0fdb05ab064d2587375ef2d1",
                "sha256:d00914208a2953125398d192d1c332eea2bfb4f210a1507efe5188fec18fb8e3",
                "sha256:e251c74b2551668ae890d4c7a2fbb73a6c9b692de4096ddd9867322873e11b2b",
                "sha256:e530625e979a8ac1fcb4421dfdc84607c0d3bd8c610f6e8983eb2925068c006e",
                "sha256:ecdb1941cb5ffca9acaa24ab1618cf14528687297a74e9257ee223062883b7d4",
                "sha256:eefc22d51bc9be6e18bde5aaf15008b118771689036fc8817cec3317eca4fff1",
                "sha256:ef8195412e71268ba6de1809d1fe64fad7bc4c2d2ff22eaff50c66317a94f4cf"
            ],
            "index": "pypi",
            "markers": "python_version >= '3.8'",
            "version": "==7.2.10"
        },
        "cx-logging": {
            "hashes": [
                "sha256:12b37b33478a37c34cf5afa976ccf5bc441f13781f60f0dd206a4ab63cccf24a",
                "sha256:15e9eee263168f2015cbc7e921775d6f08db15b127c3c48b23080ec190f2bc66",
                "sha256:1ad36493c59f452709813d8b5b34164aae7c576445e9d5758ce4dfe1ea2561ed",
                "sha256:26b707221077119606195fc14a65df2f21bd7bea78b383528ae8df4ea4298246",
                "sha256:330a29030bdca8795c99b678b4f6d87a75fb606eed1da206fdd9fa579a33dc21",
                "sha256:3452add0544db6ff29116b72a4c48761aaffa9b638728330433853c0c4ad2ea1",
                "sha256:3f3de06cf09d5986b39e930c213567c340b3237dfce03d8d3bf6099475eaa02e",
                "sha256:42f48fae8254b6de27710b6bfd34467fde88072d5961f67e88914d7e2bb6c13e",
                "sha256:4f6366871aa70439c4e3c25c3bb3dd70e8ee98bc190fd30862d7b199948b26f8",
                "sha256:4fb0d7c6dc9a8c403e4c62a3be87301946102d036fbe7bd66c6851225ac05a2e",
                "sha256:710ca06a6cdd56a7c8e866c70e0a4dc92453e7000355b8dca07dac008ca57b6e",
                "sha256:800ce5a99a40f091b3671f9e174a6695e4cc30193b3b1aafb7f4712459ec080c",
                "sha256:812665ae5012680a6fe47095c3772bce638e47cf05b2c3483db3bdbe6b06da44",
                "sha256:8f4d60a1a1508e88f2dab78494a1a8fd417ce335f94c01b0d443560cf8838115",
                "sha256:9418ca19ef435865815f3c60f60412993cf6823fe99882c9c8adeaaabe61ea07",
                "sha256:c2bab892db2b1c18aaea2bc3dec001a73274fc4496c2c6d749144f179a8e2041",
                "sha256:d57d9633671be935b83be86c43309f261fbe8ea5da704d96756999ede727f1e9",
                "sha256:e03e6ab69b7782b30eff481cabdb12b4f4693b684c8954af773b523e64f6211b",
                "sha256:e14748b031522a95aa2db4adfc5f2be5f96f4d0fe687da591114f73a09e66926",
                "sha256:ef526f0ddeba8611942ee76f2117cebb6319a2413b4077c2c1bf0947a61b9148",
                "sha256:f27755fbed447fc78f5e2aaf9aa2e75fd699ce0cd6e01649edd36eebe4db26e9"
            ],
            "markers": "sys_platform == 'win32'",
            "version": "==3.2.1"
        },
        "flask": {
            "hashes": [
                "sha256:5f873c5184c897c8d9d1b05df1e3d01b14910ce69607a117bd3277098a5836ac",
                "sha256:d667207822eb83f1c4b50949b1623c8fc8d51f2341d65f72e1a1815397551136"
            ],
            "index": "pypi",
            "markers": "python_version >= '3.9'",
            "version": "==3.1.0"
        },
        "itsdangerous": {
            "hashes": [
                "sha256:c6242fc49e35958c8b15141343aa660db5fc54d4f13a1db01a3f5891b98700ef",
                "sha256:e0050c0b7da1eea53ffaf149c0cfbb5c6e2e2b69c4bef22c81fa6eb73e5f6173"
            ],
            "markers": "python_version >= '3.8'",
            "version": "==2.2.0"
        },
        "jinja2": {
            "hashes": [
                "sha256:8fefff8dc3034e27bb80d67c671eb8a9bc424c0ef4c0826edbff304cceff43bb",
                "sha256:aba0f4dc9ed8013c424088f68a5c226f7d6097ed89b246d7749c2ec4175c6adb"
            ],
            "markers": "python_version >= '3.7'",
            "version": "==3.1.5"
        },
        "keyboard": {
            "hashes": [
                "sha256:63ed83305955939ca5c9a73755e5cc43e8242263f5ad5fd3bb7e0b032f3d308b",
                "sha256:8e9c2422f1217e0bd84489b9ecd361027cc78415828f4fe4f88dd4acd587947b"
            ],
            "index": "pypi",
            "version": "==0.13.5"
        },
        "lief": {
            "hashes": [
                "sha256:0b7dc44137c35e4e7c55278369f6148c8893128d694ddce1d28f4822967e5756",
                "sha256:0fca20122c27a86efb5d083fef6514fb2fbd910965654cb8568f2db8dfe2678f",
                "sha256:17a57cc7accb27ef84a2af395dfcd1ff5c1dabb27a90fda269327678a18a22f0",
                "sha256:17e78fc2790fd4ebd15cf9fd86abf0d7fa91aa229d70707f0bc0391ba522129c",
                "sha256:1e79e7ad2bd822c19303b722e5239976521bc1777a2ddadccdc65db68eb5088d",
                "sha256:2eb80b1344a009e27702a7ee0ffa7013d792c0d7237e6871fe28210eac8446c0",
                "sha256:366205cf382cc246e36d855c7286af6a9e85994fbac47a0a00c206c4f21c998f",
                "sha256:3a473aa8557df517d7d520235cd785d0a83d543eda0090ca657a7899980695a0",
                "sha256:489a3e77805ebd31f38c9a2786cfddf65c8cca428fa017f7ee38b006143fd3a0",
                "sha256:4eb179e9a34a37edbe72c80c0ef7a93cd9ebee4e8fe27165f96841a9d00e1adb",
                "sha256:51df4e1c1bc52caa90d5ad63dfd587cd737dde1274f6935bf034f7628c87d5a4",
                "sha256:52dc05445d8019b61a9ab8c6eb9d6238c4346ac692dcecca76d5f329a999216e",
                "sha256:558570ffbb356a8a8f8e2e35cc37edb08ef019ec5fc087f4ed764573071a0901",
                "sha256:684f49352123230603369eea032a49f7fe0992624c5ba2120edbd62d974893be",
                "sha256:6b4370508c8b82173e961372310e9c3d410c314cb60dadd80f2acb1a20197265",
                "sha256:6bd8fe4d8b907cd7e024789ba3070e417e9bff50ac13698b43b4d992f30f32d2",
                "sha256:6ec906f209e275fd57bc2b003bee6f0e70b9ceabf5d93bcea8de0684735cbe8c",
                "sha256:6f5155f382f3da85262465817196a3890124c2483b52a2a15acfdc006155296f",
                "sha256:70c1f5f66bd4eeead2853a7a80d941b4dd03e3791c68c5351b0d39c78cfa9afe",
                "sha256:73a7bcaf2c2d1819e2c46b3548d29e8bc2c0547be30beb8394ea58c19afa6cab",
                "sha256:789bf8fd6cf64fe678b4273797e882c0bd81b702f75c3775c9f175225e1ecad7",
                "sha256:8fafd992eb9dfca9d8e39e4b4218682bcbf60fd88f43bf198ce8cb20a6674b2e",
                "sha256:95d09183fb4db9dd1534eecc8b36b714bcddf2831cd6c56499b10346e48b2a77",
                "sha256:978469619f5e8c3faa5bcbb94a89df49565a427b2e75267924f76a7f42cd2a0f",
                "sha256:988889a7e837d12f400011bf6fb91197a94abda51e2e7c135e31ba09b032c718",
                "sha256:9d7583d11d596afc723b664390d61e1e6d7988b3ad160bfb7438f2cd43099170",
                "sha256:9e6cf12c2e032e61f8a60512877b3408cf7c0bc8b76f6bc3e830435397a6555d",
                "sha256:aefbe78b06d9e89387ab8fc069d1cb34252f5916cf35eaa21088b21b74b99d08",
                "sha256:b76cf0b8dcce6e3ca88f6e721d471b8ae02192f662c896204285c9561a602e1b",
                "sha256:bb2d0eb59919f3ca8562a8fbae55e4d07194135063f05cfe314c8405cd2d4cce",
                "sha256:bca81d5e2be50925f8e04bb14f02496a14572bb1e326405468afb8a8c11ec508",
                "sha256:be2e7074c8bf0c10fcb1afd8dedb404c86c700123a856208d03ce9dd018392d5",
                "sha256:bf85ff0b4f1c70c3a37c9be5a38c213c84cef6691083fd1ffa6980a4a0d5a410",
                "sha256:c2b205a5f2bb7c2e355ca5ccc71801774af1d40758fa1e338f72678367321efe",
                "sha256:d29480db4cbf212c7deca4b544e4eef6923d1203083518ab0f0f597411e80e51",
                "sha256:d3811e76a2da6e5e351cc2dd09ea34c1fc30e5dd2d6cbbfcd5344dfeb39e0119",
                "sha256:e0b151eccbeda0fe666448c0801022ec5aa92b7383c0a0e8ca586931fd1bfff0",
                "sha256:e0ebd06459fad54c5ad9a3caf3e3a7e3010811f51068cbd550c4ae1ee28a9b89",
                "sha256:e7ba797829584c5cc1c8a736b2f1587f09b1f3030239c968c7664649fb79ae15",
                "sha256:e924ee22ae6dd5ac660768b46e42ef19bba2a6faf680adcd70aebc536e1ecffb",
                "sha256:edf5e1479195920b654e3e1eb6863d466a67fd1bbd2ecc7dcbf2eeeb05353a0c",
                "sha256:f18573e16b53ff9626eaa242e8d00a9780107d39a41eb4698c07a965c2267fc9"
            ],
            "markers": "sys_platform == 'win32'",
            "version": "==0.16.3"
        },
        "livereload": {
            "hashes": [
                "sha256:3d9bf7c05673df06e32bea23b494b8d36ca6d10f7d5c3c8a6989608c09c986a9",
                "sha256:5201740078c1b9433f4b2ba22cd2729a39b9d0ec0a2cc6b4d3df257df5ad0564"
            ],
            "index": "pypi",
            "markers": "python_version >= '3.7'",
            "version": "==2.7.1"
        },
        "markupsafe": {
            "hashes": [
                "sha256:0bff5e0ae4ef2e1ae4fdf2dfd5b76c75e5c2fa4132d05fc1b0dabcd20c7e28c4",
                "sha256:0f4ca02bea9a23221c0182836703cbf8930c5e9454bacce27e767509fa286a30",
                "sha256:1225beacc926f536dc82e45f8a4d68502949dc67eea90eab715dea3a21c1b5f0",
                "sha256:131a3c7689c85f5ad20f9f6fb1b866f402c445b220c19fe4308c0b147ccd2ad9",
                "sha256:15ab75ef81add55874e7ab7055e9c397312385bd9ced94920f2802310c930396",
                "sha256:1a9d3f5f0901fdec14d8d2f66ef7d035f2157240a433441719ac9a3fba440b13",
                "sha256:1c99d261bd2d5f6b59325c92c73df481e05e57f19837bdca8413b9eac4bd8028",
                "sha256:1e084f686b92e5b83186b07e8a17fc09e38fff551f3602b249881fec658d3eca",
                "sha256:2181e67807fc2fa785d0592dc2d6206c019b9502410671cc905d132a92866557",
                "sha256:2cb8438c3cbb25e220c2ab33bb226559e7afb3baec11c4f218ffa7308603c832",
                "sha256:3169b1eefae027567d1ce6ee7cae382c57fe26e82775f460f0b2778beaad66c0",
                "sha256:3809ede931876f5b2ec92eef964286840ed3540dadf803dd570c3b7e13141a3b",
                "sha256:38a9ef736c01fccdd6600705b09dc574584b89bea478200c5fbf112a6b0d5579",
                "sha256:3d79d162e7be8f996986c064d1c7c817f6df3a77fe3d6859f6f9e7be4b8c213a",
                "sha256:444dcda765c8a838eaae23112db52f1efaf750daddb2d9ca300bcae1039adc5c",
                "sha256:48032821bbdf20f5799ff537c7ac3d1fba0ba032cfc06194faffa8cda8b560ff",
                "sha256:4aa4e5faecf353ed117801a068ebab7b7e09ffb6e1d5e412dc852e0da018126c",
                "sha256:52305740fe773d09cffb16f8ed0427942901f00adedac82ec8b67752f58a1b22",
                "sha256:569511d3b58c8791ab4c2e1285575265991e6d8f8700c7be0e88f86cb0672094",
                "sha256:57cb5a3cf367aeb1d316576250f65edec5bb3be939e9247ae594b4bcbc317dfb",
                "sha256:5b02fb34468b6aaa40dfc198d813a641e3a63b98c2b05a16b9f80b7ec314185e",
                "sha256:6381026f158fdb7c72a168278597a5e3a5222e83ea18f543112b2662a9b699c5",
                "sha256:6af100e168aa82a50e186c82875a5893c5597a0c1ccdb0d8b40240b1f28b969a",
                "sha256:6c89876f41da747c8d3677a2b540fb32ef5715f97b66eeb0c6b66f5e3ef6f59d",
                "sha256:6e296a513ca3d94054c2c881cc913116e90fd030ad1c656b3869762b754f5f8a",
                "sha256:70a87b411535ccad5ef2f1df5136506a10775d267e197e4cf531ced10537bd6b",
                "sha256:7e94c425039cde14257288fd61dcfb01963e658efbc0ff54f5306b06054700f8",
                "sha256:846ade7b71e3536c4e56b386c2a47adf5741d2d8b94ec9dc3e92e5e1ee1e2225",
                "sha256:88416bd1e65dcea10bc7569faacb2c20ce071dd1f87539ca2ab364bf6231393c",
                "sha256:88b49a3b9ff31e19998750c38e030fc7bb937398b1f78cfa599aaef92d693144",
                "sha256:8c4e8c3ce11e1f92f6536ff07154f9d49677ebaaafc32db9db4620bc11ed480f",
                "sha256:8e06879fc22a25ca47312fbe7c8264eb0b662f6db27cb2d3bbbc74b1df4b9b87",
                "sha256:9025b4018f3a1314059769c7bf15441064b2207cb3f065e6ea1e7359cb46db9d",
                "sha256:93335ca3812df2f366e80509ae119189886b0f3c2b81325d39efdb84a1e2ae93",
                "sha256:9778bd8ab0a994ebf6f84c2b949e65736d5575320a17ae8984a77fab08db94cf",
                "sha256:9e2d922824181480953426608b81967de705c3cef4d1af983af849d7bd619158",
                "sha256:a123e330ef0853c6e822384873bef7507557d8e4a082961e1defa947aa59ba84",
                "sha256:a904af0a6162c73e3edcb969eeeb53a63ceeb5d8cf642fade7d39e7963a22ddb",
                "sha256:ad10d3ded218f1039f11a75f8091880239651b52e9bb592ca27de44eed242a48",
                "sha256:b424c77b206d63d500bcb69fa55ed8d0e6a3774056bdc4839fc9298a7edca171",
                "sha256:b5a6b3ada725cea8a5e634536b1b01c30bcdcd7f9c6fff4151548d5bf6b3a36c",
                "sha256:ba8062ed2cf21c07a9e295d5b8a2a5ce678b913b45fdf68c32d95d6c1291e0b6",
                "sha256:ba9527cdd4c926ed0760bc301f6728ef34d841f405abf9d4f959c478421e4efd",
                "sha256:bbcb445fa71794da8f178f0f6d66789a28d7319071af7a496d4d507ed566270d",
                "sha256:bcf3e58998965654fdaff38e58584d8937aa3096ab5354d493c77d1fdd66d7a1",
                "sha256:c0ef13eaeee5b615fb07c9a7dadb38eac06a0608b41570d8ade51c56539e509d",
                "sha256:cabc348d87e913db6ab4aa100f01b08f481097838bdddf7c7a84b7575b7309ca",
                "sha256:cdb82a876c47801bb54a690c5ae105a46b392ac6099881cdfb9f6e95e4014c6a",
                "sha256:cfad01eed2c2e0c01fd0ecd2ef42c492f7f93902e39a42fc9ee1692961443a29",
                "sha256:d16a81a06776313e817c951135cf7340a3e91e8c1ff2fac444cfd75fffa04afe",
                "sha256:d8213e09c917a951de9d09ecee036d5c7d36cb6cb7dbaece4c71a60d79fb9798",
                "sha256:e07c3764494e3776c602c1e78e298937c3315ccc9043ead7e685b7f2b8d47b3c",
                "sha256:e17c96c14e19278594aa4841ec148115f9c7615a47382ecb6b82bd8fea3ab0c8",
                "sha256:e444a31f8db13eb18ada366ab3cf45fd4b31e4db1236a4448f68778c1d1a5a2f",
                "sha256:e6a2a455bd412959b57a172ce6328d2dd1f01cb2135efda2e4576e8a23fa3b0f",
                "sha256:eaa0a10b7f72326f1372a713e73c3f739b524b3af41feb43e4921cb529f5929a",
                "sha256:eb7972a85c54febfb25b5c4b4f3af4dcc731994c7da0d8a0b4a6eb0640e1d178",
                "sha256:ee55d3edf80167e48ea11a923c7386f4669df67d7994554387f84e7d8b0a2bf0",
                "sha256:f3818cb119498c0678015754eba762e0d61e5b52d34c8b13d770f0719f7b1d79",
                "sha256:f8b3d067f2e40fe93e1ccdd6b2e1d16c43140e76f02fb1319a05cf2b79d99430",
                "sha256:fcabf5ff6eea076f859677f5f0b6b5c1a51e70a376b0579e0eadef8db48c6b50"
            ],
            "markers": "python_version >= '3.9'",
            "version": "==3.0.2"
        },
        "mouseinfo": {
            "hashes": [
                "sha256:2c62fb8885062b8e520a3cce0a297c657adcc08c60952eb05bc8256ef6f7f6e7"
            ],
            "version": "==0.1.3"
        },
        "nuitka": {
            "hashes": [
                "sha256:c9d2db630560cf89dfbfd294dd860dd0540e03b74a0c21711ce64305727523bf"
            ],
            "index": "pypi",
            "version": "==2.6.7"
        },
        "ordered-set": {
            "hashes": [
                "sha256:046e1132c71fcf3330438a539928932caf51ddbc582496833e23de611de14562",
                "sha256:694a8e44c87657c59292ede72891eb91d34131f6531463aab3009191c77364a8"
            ],
            "markers": "python_version >= '3.7'",
            "version": "==4.1.0"
        },
        "packaging": {
            "hashes": [
                "sha256:09abb1bccd265c01f4a3aa3f7a7db064b36514d2cba19a2f694fe6150451a759",
                "sha256:c228a6dc5e932d346bc5739379109d49e8853dd8223571c7c5b55260edc0b97f"
            ],
            "markers": "python_version >= '3.8'",
            "version": "==24.2"
        },
        "pefile": {
            "hashes": [
                "sha256:82e6114004b3d6911c77c3953e3838654b04511b8b66e8583db70c65998017dc",
                "sha256:da185cd2af68c08a6cd4481f7325ed600a88f6a813bad9dea07ab3ef73d8d8d6"
            ],
            "markers": "sys_platform == 'win32'",
            "version": "==2023.2.7"
        },
        "proxy-tools": {
            "hashes": [
                "sha256:ccb3751f529c047e2d8a58440d86b205303cf0fe8146f784d1cbcd94f0a28010"
            ],
            "version": "==0.1.0"
        },
        "pyautogui": {
            "hashes": [
                "sha256:dd1d29e8fd118941cb193f74df57e5c6ff8e9253b99c7b04f39cfc69f3ae04b2"
            ],
            "index": "pypi",
            "version": "==0.9.54"
        },
        "pycparser": {
            "hashes": [
                "sha256:491c8be9c040f5390f5bf44a5b07752bd07f56edf992381b05c701439eec10f6",
                "sha256:c3702b6d3dd8c7abc1afa565d7e63d53a1d0bd86cdc24edd75470f4de499cfcc"
            ],
            "markers": "python_version >= '3.8'",
            "version": "==2.22"
        },
        "pygetwindow": {
            "hashes": [
                "sha256:17894355e7d2b305cd832d717708384017c1698a90ce24f6f7fbf0242dd0a688"
            ],
            "version": "==0.0.9"
        },
        "pyinstaller": {
            "hashes": [
                "sha256:0c271896a3a168f4f91827145702543db9c5427f4c7372a6df8c75925a3ac18a",
                "sha256:0e62d3906309248409f215b386f33afec845214e69cc0f296b93222b26a88f43",
                "sha256:138856a5a503bb69c066377e0a22671b0db063e9cc14d5cf5c798a53561200d3",
                "sha256:1834797be48ce1b26015af68bdeb3c61a6c7500136f04e0fc65e468115dec777",
                "sha256:68f1e4cecf88a6272063977fa2a2c69ad37cf568e5901769d7206d0314c74f47",
                "sha256:83c7f3bde9871b4a6aa71c66a96e8ba5c21668ce711ed97f510b9382d10aac6c",
                "sha256:8e92e9873a616547bbabbb5a3a9843d5f2ab40c3d8b26810acdf0fe257bee4cf",
                "sha256:a2abf5fde31a8b38b6df7939bcef8ac1d0c51e97e25317ce3555cd675259750f",
                "sha256:a69818815c6e0711c727edc30680cb1f81c691b59de35db81a2d9e0ae26a9ef1",
                "sha256:aefe502d55c9cf6aeaed7feba80b5f8491ce43f8f2b5fe2d9aadca3ee5a05bc4",
                "sha256:dac8a27988dbc33cdc34f2046803258bc3f6829de24de52745a5daa22bdba0f1",
                "sha256:fea76fc9b55ffa730fcf90beb897cce4399938460b0b6f40507fbebfc752c753"
            ],
            "index": "pypi",
            "markers": "python_version < '3.14' and python_version >= '3.8'",
            "version": "==6.12.0"
        },
        "pyinstaller-hooks-contrib": {
            "hashes": [
                "sha256:130818f9e9a0a7f2261f1fd66054966a3a50c99d000981c5d1db11d3ad0c6ab2",
                "sha256:d3c799470cbc0bda60dcc8e6b4ab976777532b77621337f2037f558905e3a8e9"
            ],
            "markers": "python_version >= '3.8'",
            "version": "==2025.1"
        },
        "pymsgbox": {
            "hashes": [
                "sha256:2194227de8bff7a3d6da541848705a155dcbb2a06ee120d9f280a1d7f51263ff"
            ],
            "version": "==1.0.9"
        },
        "pyperclip": {
            "hashes": [
                "sha256:b7de0142ddc81bfc5c7507eea19da920b92252b548b96186caf94a5e2527d310"
            ],
            "version": "==1.9.0"
        },
        "pyqt5": {
            "hashes": [
                "sha256:6cd75628f6e732b1ffcfe709ab833a0716c0445d7aec8046a48d5843352becb6",
                "sha256:76be0322ceda5deecd1708a8d628e698089a1cea80d1a49d242a6d579a40babd",
                "sha256:bdde598a3bb95022131a5c9ea62e0a96bd6fb28932cc1619fd7ba211531b7517",
                "sha256:c8b03dd9380bb13c804f0bdb0f4956067f281785b5e12303d529f0462f9afdc2",
                "sha256:cd672a6738d1ae33ef7d9efa8e6cb0a1525ecf53ec86da80a9e1b6ec38c8d0f1",
                "sha256:fda45743ebb4a27b4b1a51c6d8ef455c4c1b5d610c90d2934c7802b5c1557c52"
            ],
            "index": "pypi",
            "markers": "python_version >= '3.8'",
            "version": "==5.15.11"
        },
        "pyqt5-qt5": {
            "hashes": [
                "sha256:1988f364ec8caf87a6ee5d5a3a5210d57539988bf8e84714c7d60972692e2f4a",
                "sha256:750b78e4dba6bdf1607febedc08738e318ea09e9b10aea9ff0d73073f11f6962",
                "sha256:76980cd3d7ae87e3c7a33bfebfaee84448fd650bad6840471d6cae199b56e154",
                "sha256:9cc7a768b1921f4b982ebc00a318ccb38578e44e45316c7a4a850e953e1dd327"
            ],
            "version": "==5.15.2"
        },
        "pyqt5-sip": {
            "hashes": [
                "sha256:023466ae96f72fbb8419b44c3f97475de6642fa5632520d0f50fc1a52a3e8200",
                "sha256:0c75d28b8282be3c1d7dbc76950d6e6eba1e334783224e9b9835ce1a9c64f482",
                "sha256:2c912807dd638644168ea8c7a447bfd9d85a19471b98c2c588c4d2e911c09b0a",
                "sha256:2f2a8dcc7626fe0da73a0918e05ce2460c7a14ddc946049310e6e35052105434",
                "sha256:32b03e7e77ecd7b4119eba486b0706fa59b490bcceb585f9b6ddec8a582082db",
                "sha256:351beab964a19f5671b2a3e816ecf4d3543a99a7e0650f88a947fea251a7589f",
                "sha256:419b9027e92b0b707632c370cfc6dc1f3b43c6313242fc4db57a537029bd179c",
                "sha256:4a92478d6808040fbe614bb61500fbb3f19f72714b99369ec28d26a7e3494115",
                "sha256:54c31de7706d8a9a8c0fc3ea2c70468aba54b027d4974803f8eace9c22aad41c",
                "sha256:5b6c734f4ad28f3defac4890ed747d391d246af279200935d49953bc7d915b8c",
                "sha256:672c209d05661fab8e17607c193bf43991d268a1eefbc2c4551fbf30fd8bb2ca",
                "sha256:682dadcdbd2239af9fdc0c0628e2776b820e128bec88b49b8d692fe682f90b4f",
                "sha256:71514a7d43b44faa1d65a74ad2c5da92c03a251bdc749f009c313f06cceacc9a",
                "sha256:855e8f5787d57e26a48d8c3de1220a8e92ab83be8d73966deac62fdae03ea2f9",
                "sha256:8c4bc535bae0dfa764e8534e893619fe843ce5a2e25f901c439bcb960114f686",
                "sha256:b0ff280b28813e9bfd3a4de99490739fc29b776dc48f1c849caca7239a10fc8b",
                "sha256:c7a7ff355e369616b6bcb41d45b742327c104b2bf1674ec79b8d67f8f2fa9543",
                "sha256:d65a9c1b4cbbd8e856254609f56e897d2cb5c903f77b75fb720cb3a32c76b92b",
                "sha256:ea08341c8a5da00c81df0d689ecd4ee47a95e1ecad9e362581c92513f2068005",
                "sha256:ec47914cc751608e587c1c2fdabeaf4af7fdc28b9f62796c583bea01c1a1aa3e",
                "sha256:fb565469d08dcb0a427def0c45e722323beb62db79454260482b6948bfd52d47"
            ],
            "markers": "python_version >= '3.9'",
            "version": "==12.17.0"
        },
        "pyqtwebengine": {
            "hashes": [
                "sha256:021814af1ff7d8be447c5314891cd4ddc931deae393dc2d38a816569aa0eb8cd",
                "sha256:965461ca0cf414e03bd510a9a0e2ea36dc21deaa7fc4a631be4a1f2aa0327179",
                "sha256:bd5e8c426d6f6b352cd15800d64a89b2a4a11e098460b818c7bdcf5e5612e44f",
                "sha256:c0680527b1af3e0145ce5e0f2ba2156ff0b4b38844392cf0ddd37ede6a9edeab",
                "sha256:e17187d9a3db3bab041f31385ed72832312557fefc5bd63ae4692df306dc1572",
                "sha256:f121ac6e4a2f96ac289619bcfc37f64e68362f24a346553f5d6c42efa4228a4d"
            ],
            "index": "pypi",
            "markers": "python_version >= '3.8'",
            "version": "==5.15.7"
        },
        "pyqtwebengine-qt5": {
            "hashes": [
                "sha256:24231f19e1595018779977de6722b5c69f3d03f34a5f7574ff21cd1e764ef76d",
                "sha256:9e80b408d8de09d4e708d5d84c3ceaf3603292ff8f5e566ae44bb0320fa59c33",
                "sha256:bc7b1fd1f4f8138d59b0b0245d601fb2c5c0aa1e1e7e853b713e52a3165d147e",
                "sha256:ec2acb1780c0124ef060c310e00ca701f388d8b6c35bba9127f7a6f0dc536f77"
            ],
            "version": "==5.15.2"
        },
        "pyrect": {
            "hashes": [
                "sha256:f65155f6df9b929b67caffbd57c0947c5ae5449d3b580d178074bffb47a09b78"
            ],
            "version": "==0.2.0"
        },
        "pyscreeze": {
            "hashes": [
                "sha256:cf1662710f1b46aa5ff229ee23f367da9e20af4a78e6e365bee973cad0ead4be"
            ],
            "version": "==1.0.1"
        },
        "pythonnet": {
            "hashes": [
                "sha256:48e43ca463941b3608b32b4e236db92d8d40db4c58a75ace902985f76dac21cf",
                "sha256:f6702d694d5d5b163c9f3f5cc34e0bed8d6857150237fae411fefb883a656d20"
            ],
            "index": "pypi",
            "markers": "python_version < '3.14' and python_version >= '3.7'",
            "version": "==3.0.5"
        },
        "pytweening": {
            "hashes": [
                "sha256:243318b7736698066c5f362ec5c2b6434ecf4297c3c8e7caa8abfe6af4cac71b"
            ],
            "version": "==1.2.0"
        },
        "pywebview": {
            "hashes": [
                "sha256:0559c47db543556498dd38604a2a0479896c320f86c9b23499b8e580b58b699d",
                "sha256:b5e2c6c7502aaf72a9ae6034daf83785f5fad874fac7fa82bf4fcf854f1f083a"
            ],
            "index": "pypi",
            "markers": "python_version >= '3.7'",
            "version": "==5.4"
        },
        "pywin32-ctypes": {
            "hashes": [
                "sha256:8a1513379d709975552d202d942d9837758905c8d01eb82b8bcc30918929e7b8",
                "sha256:d162dc04946d704503b2edc4d55f3dba5c1d539ead017afa00142c38b9885755"
            ],
            "markers": "sys_platform == 'win32'",
            "version": "==0.2.3"
        },
        "qtpy": {
            "hashes": [
                "sha256:72095afe13673e017946cc258b8d5da43314197b741ed2890e563cf384b51aa1",
                "sha256:db744f7832e6d3da90568ba6ccbca3ee2b3b4a890c3d6fbbc63142f6e4cdf5bb"
            ],
            "index": "pypi",
            "markers": "python_version >= '3.7'",
            "version": "==2.4.3"
        },
        "setuptools": {
            "hashes": [
                "sha256:3bc32c0b84c643299ca94e77f834730f126efd621de0cc1de64119e0e17dab1f",
                "sha256:65fb779a8f28895242923582eadca2337285f0891c2c9e160754df917c3d2530"
            ],
            "markers": "python_version >= '3.9'",
            "version": "==75.8.1"
        },
        "tornado": {
            "hashes": [
                "sha256:072ce12ada169c5b00b7d92a99ba089447ccc993ea2143c9ede887e0937aa803",
                "sha256:1a017d239bd1bb0919f72af256a970624241f070496635784d9bf0db640d3fec",
                "sha256:2876cef82e6c5978fde1e0d5b1f919d756968d5b4282418f3146b79b58556482",
                "sha256:304463bd0772442ff4d0f5149c6f1c2135a1fae045adf070821c6cdc76980634",
                "sha256:908b71bf3ff37d81073356a5fadcc660eb10c1476ee6e2725588626ce7e5ca38",
                "sha256:92bad5b4746e9879fd7bf1eb21dce4e3fc5128d71601f80005afa39237ad620b",
                "sha256:932d195ca9015956fa502c6b56af9eb06106140d844a335590c1ec7f5277d10c",
                "sha256:bca9eb02196e789c9cb5c3c7c0f04fb447dc2adffd95265b2c7223a8a615ccbf",
                "sha256:c36e62ce8f63409301537222faffcef7dfc5284f27eec227389f2ad11b09d946",
                "sha256:c82c46813ba483a385ab2a99caeaedf92585a1f90defb5693351fa7e4ea0bf73",
                "sha256:e828cce1123e9e44ae2a50a9de3055497ab1d0aeb440c5ac23064d9e44880da1"
            ],
            "markers": "python_version >= '3.8'",
            "version": "==6.4.2"
        },
        "typing-extensions": {
            "hashes": [
                "sha256:04e5ca0351e0f3f85c6853954072df659d0d13fac324d0072316b67d7794700d",
                "sha256:1a7ead55c7e559dd4dee8856e3a88b41225abfe1ce8df57b7c13915fe121ffb8"
            ],
            "markers": "python_version >= '3.8'",
            "version": "==4.12.2"
        },
        "werkzeug": {
            "hashes": [
                "sha256:54b78bf3716d19a65be4fceccc0d1d7b89e608834989dfae50ea87564639213e",
                "sha256:60723ce945c19328679790e3282cc758aa4a6040e4bb330f53d30fa546d44746"
            ],
            "markers": "python_version >= '3.9'",
            "version": "==3.1.3"
        },
        "zstandard": {
            "hashes": [
                "sha256:034b88913ecc1b097f528e42b539453fa82c3557e414b3de9d5632c80439a473",
                "sha256:0a7f0804bb3799414af278e9ad51be25edf67f78f916e08afdb983e74161b916",
                "sha256:11e3bf3c924853a2d5835b24f03eeba7fc9b07d8ca499e247e06ff5676461a15",
                "sha256:12a289832e520c6bd4dcaad68e944b86da3bad0d339ef7989fb7e88f92e96072",
                "sha256:1516c8c37d3a053b01c1c15b182f3b5f5eef19ced9b930b684a73bad121addf4",
                "sha256:157e89ceb4054029a289fb504c98c6a9fe8010f1680de0201b3eb5dc20aa6d9e",
                "sha256:1bfe8de1da6d104f15a60d4a8a768288f66aa953bbe00d027398b93fb9680b26",
                "sha256:1e172f57cd78c20f13a3415cc8dfe24bf388614324d25539146594c16d78fcc8",
                "sha256:1fd7e0f1cfb70eb2f95a19b472ee7ad6d9a0a992ec0ae53286870c104ca939e5",
                "sha256:203d236f4c94cd8379d1ea61db2fce20730b4c38d7f1c34506a31b34edc87bdd",
                "sha256:27d3ef2252d2e62476389ca8f9b0cf2bbafb082a3b6bfe9d90cbcbb5529ecf7c",
                "sha256:29a2bc7c1b09b0af938b7a8343174b987ae021705acabcbae560166567f5a8db",
                "sha256:2ef230a8fd217a2015bc91b74f6b3b7d6522ba48be29ad4ea0ca3a3775bf7dd5",
                "sha256:2ef3775758346d9ac6214123887d25c7061c92afe1f2b354f9388e9e4d48acfc",
                "sha256:2f146f50723defec2975fb7e388ae3a024eb7151542d1599527ec2aa9cacb152",
                "sha256:2fb4535137de7e244c230e24f9d1ec194f61721c86ebea04e1581d9d06ea1269",
                "sha256:32ba3b5ccde2d581b1e6aa952c836a6291e8435d788f656fe5976445865ae045",
                "sha256:34895a41273ad33347b2fc70e1bff4240556de3c46c6ea430a7ed91f9042aa4e",
                "sha256:379b378ae694ba78cef921581ebd420c938936a153ded602c4fea612b7eaa90d",
                "sha256:38302b78a850ff82656beaddeb0bb989a0322a8bbb1bf1ab10c17506681d772a",
                "sha256:3aa014d55c3af933c1315eb4bb06dd0459661cc0b15cd61077afa6489bec63bb",
                "sha256:4051e406288b8cdbb993798b9a45c59a4896b6ecee2f875424ec10276a895740",
                "sha256:40b33d93c6eddf02d2c19f5773196068d875c41ca25730e8288e9b672897c105",
                "sha256:43da0f0092281bf501f9c5f6f3b4c975a8a0ea82de49ba3f7100e64d422a1274",
                "sha256:445e4cb5048b04e90ce96a79b4b63140e3f4ab5f662321975679b5f6360b90e2",
                "sha256:48ef6a43b1846f6025dde6ed9fee0c24e1149c1c25f7fb0a0585572b2f3adc58",
                "sha256:50a80baba0285386f97ea36239855f6020ce452456605f262b2d33ac35c7770b",
                "sha256:519fbf169dfac1222a76ba8861ef4ac7f0530c35dd79ba5727014613f91613d4",
                "sha256:53dd9d5e3d29f95acd5de6802e909ada8d8d8cfa37a3ac64836f3bc4bc5512db",
                "sha256:53ea7cdc96c6eb56e76bb06894bcfb5dfa93b7adcf59d61c6b92674e24e2dd5e",
                "sha256:576856e8594e6649aee06ddbfc738fec6a834f7c85bf7cadd1c53d4a58186ef9",
                "sha256:59556bf80a7094d0cfb9f5e50bb2db27fefb75d5138bb16fb052b61b0e0eeeb0",
                "sha256:5d41d5e025f1e0bccae4928981e71b2334c60f580bdc8345f824e7c0a4c2a813",
                "sha256:61062387ad820c654b6a6b5f0b94484fa19515e0c5116faf29f41a6bc91ded6e",
                "sha256:61f89436cbfede4bc4e91b4397eaa3e2108ebe96d05e93d6ccc95ab5714be512",
                "sha256:62136da96a973bd2557f06ddd4e8e807f9e13cbb0bfb9cc06cfe6d98ea90dfe0",
                "sha256:64585e1dba664dc67c7cdabd56c1e5685233fbb1fc1966cfba2a340ec0dfff7b",
                "sha256:65308f4b4890aa12d9b6ad9f2844b7ee42c7f7a4fd3390425b242ffc57498f48",
                "sha256:66b689c107857eceabf2cf3d3fc699c3c0fe8ccd18df2219d978c0283e4c508a",
                "sha256:6a41c120c3dbc0d81a8e8adc73312d668cd34acd7725f036992b1b72d22c1772",
                "sha256:6f77fa49079891a4aab203d0b1744acc85577ed16d767b52fc089d83faf8d8ed",
                "sha256:72c68dda124a1a138340fb62fa21b9bf4848437d9ca60bd35db36f2d3345f373",
                "sha256:752bf8a74412b9892f4e5b58f2f890a039f57037f52c89a740757ebd807f33ea",
                "sha256:76e79bc28a65f467e0409098fa2c4376931fd3207fbeb6b956c7c476d53746dd",
                "sha256:774d45b1fac1461f48698a9d4b5fa19a69d47ece02fa469825b442263f04021f",
                "sha256:77da4c6bfa20dd5ea25cbf12c76f181a8e8cd7ea231c673828d0386b1740b8dc",
                "sha256:77ea385f7dd5b5676d7fd943292ffa18fbf5c72ba98f7d09fc1fb9e819b34c23",
                "sha256:80080816b4f52a9d886e67f1f96912891074903238fe54f2de8b786f86baded2",
                "sha256:80a539906390591dd39ebb8d773771dc4db82ace6372c4d41e2d293f8e32b8db",
                "sha256:82d17e94d735c99621bf8ebf9995f870a6b3e6d14543b99e201ae046dfe7de70",
                "sha256:837bb6764be6919963ef41235fd56a6486b132ea64afe5fafb4cb279ac44f259",
                "sha256:84433dddea68571a6d6bd4fbf8ff398236031149116a7fff6f777ff95cad3df9",
                "sha256:8c24f21fa2af4bb9f2c492a86fe0c34e6d2c63812a839590edaf177b7398f700",
                "sha256:8ed7d27cb56b3e058d3cf684d7200703bcae623e1dcc06ed1e18ecda39fee003",
                "sha256:9206649ec587e6b02bd124fb7799b86cddec350f6f6c14bc82a2b70183e708ba",
                "sha256:983b6efd649723474f29ed42e1467f90a35a74793437d0bc64a5bf482bedfa0a",
                "sha256:98da17ce9cbf3bfe4617e836d561e433f871129e3a7ac16d6ef4c680f13a839c",
                "sha256:9c236e635582742fee16603042553d276cca506e824fa2e6489db04039521e90",
                "sha256:9da6bc32faac9a293ddfdcb9108d4b20416219461e4ec64dfea8383cac186690",
                "sha256:a05e6d6218461eb1b4771d973728f0133b2a4613a6779995df557f70794fd60f",
                "sha256:a0817825b900fcd43ac5d05b8b3079937073d2b1ff9cf89427590718b70dd840",
                "sha256:a4ae99c57668ca1e78597d8b06d5af837f377f340f4cce993b551b2d7731778d",
                "sha256:a8c86881813a78a6f4508ef9daf9d4995b8ac2d147dcb1a450448941398091c9",
                "sha256:a8fffdbd9d1408006baaf02f1068d7dd1f016c6bcb7538682622c556e7b68e35",
                "sha256:a9b07268d0c3ca5c170a385a0ab9fb7fdd9f5fd866be004c4ea39e44edce47dd",
                "sha256:ab19a2d91963ed9e42b4e8d77cd847ae8381576585bad79dbd0a8837a9f6620a",
                "sha256:ac184f87ff521f4840e6ea0b10c0ec90c6b1dcd0bad2f1e4a9a1b4fa177982ea",
                "sha256:b0e166f698c5a3e914947388c162be2583e0c638a4703fc6a543e23a88dea3c1",
                "sha256:b2170c7e0367dde86a2647ed5b6f57394ea7f53545746104c6b09fc1f4223573",
                "sha256:b2d8c62d08e7255f68f7a740bae85b3c9b8e5466baa9cbf7f57f1cde0ac6bc09",
                "sha256:b4567955a6bc1b20e9c31612e615af6b53733491aeaa19a6b3b37f3b65477094",
                "sha256:b69bb4f51daf461b15e7b3db033160937d3ff88303a7bc808c67bbc1eaf98c78",
                "sha256:b8c0bd73aeac689beacd4e7667d48c299f61b959475cdbb91e7d3d88d27c56b9",
                "sha256:be9b5b8659dff1f913039c2feee1aca499cfbc19e98fa12bc85e037c17ec6ca5",
                "sha256:bf0a05b6059c0528477fba9054d09179beb63744355cab9f38059548fedd46a9",
                "sha256:c16842b846a8d2a145223f520b7e18b57c8f476924bda92aeee3a88d11cfc391",
                "sha256:c363b53e257246a954ebc7c488304b5592b9c53fbe74d03bc1c64dda153fb847",
                "sha256:c7c517d74bea1a6afd39aa612fa025e6b8011982a0897768a2f7c8ab4ebb78a2",
                "sha256:d20fd853fbb5807c8e84c136c278827b6167ded66c72ec6f9a14b863d809211c",
                "sha256:d2240ddc86b74966c34554c49d00eaafa8200a18d3a5b6ffbf7da63b11d74ee2",
                "sha256:d477ed829077cd945b01fc3115edd132c47e6540ddcd96ca169facff28173057",
                "sha256:d50d31bfedd53a928fed6707b15a8dbeef011bb6366297cc435accc888b27c20",
                "sha256:dc1d33abb8a0d754ea4763bad944fd965d3d95b5baef6b121c0c9013eaf1907d",
                "sha256:dc5d1a49d3f8262be192589a4b72f0d03b72dcf46c51ad5852a4fdc67be7b9e4",
                "sha256:e2d1a054f8f0a191004675755448d12be47fa9bebbcffa3cdf01db19f2d30a54",
                "sha256:e7792606d606c8df5277c32ccb58f29b9b8603bf83b48639b7aedf6df4fe8171",
                "sha256:ed1708dbf4d2e3a1c5c69110ba2b4eb6678262028afd6c6fbcc5a8dac9cda68e",
                "sha256:f2d4380bf5f62daabd7b751ea2339c1a21d1c9463f1feb7fc2bdcea2c29c3160",
                "sha256:f3513916e8c645d0610815c257cbfd3242adfd5c4cfa78be514e5a3ebb42a41b",
                "sha256:f8346bfa098532bc1fb6c7ef06783e969d87a99dd1d2a5a18a892c1d7a643c58",
                "sha256:f83fa6cae3fff8e98691248c9320356971b59678a17f20656a9e59cd32cee6d8",
                "sha256:fa6ce8b52c5987b3e34d5674b0ab529a4602b632ebab0a93b07bfb4dfc8f8a33",
                "sha256:fb2b1ecfef1e67897d336de3a0e3f52478182d6a47eda86cbd42504c5cbd009a",
                "sha256:fc9ca1c9718cb3b06634c7c8dec57d24e9438b2aa9a0f02b8bb36bf478538880",
                "sha256:fd30d9c67d13d891f2360b2a120186729c111238ac63b43dbd37a5a40670b8ca",
                "sha256:fd7699e8fd9969f455ef2926221e0233f81a2542921471382e77a9e2f2b57f4b",
                "sha256:fe3b385d996ee0822fd46528d9f0443b880d4d05528fd26a9119a54ec3f91c69"
            ],
            "markers": "python_version >= '3.8'",
            "version": "==0.23.0"
        }
    },
    "develop": {}
}
